// !$*UTF8*$!
{
	archiveVersion = 1;
	classes = {
	};
	objectVersion = 46;
	objects = {

/* Begin PBXBuildFile section */
		2D5DA3B50FD7B6DAD1F8E3A1 /* Pods_Tock_TockUITests.framework in Frameworks */ = {isa = PBXBuildFile; fileRef = A7C75DC9376638AD8BC2C2E3 /* Pods_Tock_TockUITests.framework */; };
		6800CCF21DE3C9AA00B26031 /* ConfigureTransition.swift in Sources */ = {isa = PBXBuildFile; fileRef = 6800CCF11DE3C9AA00B26031 /* ConfigureTransition.swift */; };
		6805D1691E030929004ABB8A /* KTUtility.swift in Sources */ = {isa = PBXBuildFile; fileRef = 68934B351DD0101B005D109E /* KTUtility.swift */; };
		6805D16A1E030A4E004ABB8A /* system_constants.swift in Sources */ = {isa = PBXBuildFile; fileRef = 68934B371DD01038005D109E /* system_constants.swift */; };
		6805D16D1E03558B004ABB8A /* alarmTest.wav in Resources */ = {isa = PBXBuildFile; fileRef = 6805D16C1E03558B004ABB8A /* alarmTest.wav */; };
		6805D1701E03583A004ABB8A /* fogHornSample.wav in Resources */ = {isa = PBXBuildFile; fileRef = 6805D16E1E03583A004ABB8A /* fogHornSample.wav */; };
		6805D1711E03583A004ABB8A /* sirenSample.wav in Resources */ = {isa = PBXBuildFile; fileRef = 6805D16F1E03583A004ABB8A /* sirenSample.wav */; };
		6805D1731E036350004ABB8A /* StoreKit.framework in Frameworks */ = {isa = PBXBuildFile; fileRef = 6805D1721E036350004ABB8A /* StoreKit.framework */; };
		6805D1751E036359004ABB8A /* GameKit.framework in Frameworks */ = {isa = PBXBuildFile; fileRef = 6805D1741E036359004ABB8A /* GameKit.framework */; };
		681353E01DE8AC7C0035E78B /* home.png in Resources */ = {isa = PBXBuildFile; fileRef = 681353DE1DE8AC7C0035E78B /* home.png */; };
		681353E11DE8AC7C0035E78B /* connectServices.png in Resources */ = {isa = PBXBuildFile; fileRef = 681353DF1DE8AC7C0035E78B /* connectServices.png */; };
		681353E51DE8BB120035E78B /* HomeTutorialViewController.swift in Sources */ = {isa = PBXBuildFile; fileRef = 681353E41DE8BB120035E78B /* HomeTutorialViewController.swift */; };
		681353E71DE8C6A50035E78B /* timePicker.png in Resources */ = {isa = PBXBuildFile; fileRef = 681353E61DE8C6A50035E78B /* timePicker.png */; };
		681353EC1DE8CFA00035E78B /* UpgradeViewController.swift in Sources */ = {isa = PBXBuildFile; fileRef = 681353EB1DE8CFA00035E78B /* UpgradeViewController.swift */; };
		681B1A351E00E15400457AF6 /* RemindersTockWakeUp.swift in Sources */ = {isa = PBXBuildFile; fileRef = 681B1A341E00E15400457AF6 /* RemindersTockWakeUp.swift */; };
		681E66A01DF3391C00EC9AC1 /* SwitchTableViewCell.swift in Sources */ = {isa = PBXBuildFile; fileRef = 681E669F1DF3391C00EC9AC1 /* SwitchTableViewCell.swift */; };
		681E66A31DF3695A00EC9AC1 /* siren.wav in Resources */ = {isa = PBXBuildFile; fileRef = 681E66A21DF3695A00EC9AC1 /* siren.wav */; };
		681E66A51DF36E7900EC9AC1 /* fogHorn.wav in Resources */ = {isa = PBXBuildFile; fileRef = 681E66A41DF36E7900EC9AC1 /* fogHorn.wav */; };
		682AFBF31E05996400862A1A /* Tock.png in Resources */ = {isa = PBXBuildFile; fileRef = 682AFBF21E05996400862A1A /* Tock.png */; };
		682BE0E91E072B63002A490F /* GoogleService-Info.plist in Resources */ = {isa = PBXBuildFile; fileRef = 682BE0E81E072B63002A490F /* GoogleService-Info.plist */; };
		682BE0EB1E072C16002A490F /* GoogleService-Info.plist in Resources */ = {isa = PBXBuildFile; fileRef = 682BE0E81E072B63002A490F /* GoogleService-Info.plist */; };
		682BE0EE1E072DE9002A490F /* Tock-Bridging-Header.h in Sources */ = {isa = PBXBuildFile; fileRef = 682BE0ED1E072D82002A490F /* Tock-Bridging-Header.h */; };
		682FBF111DE8E2FB003D4F11 /* tockIcon.png in Resources */ = {isa = PBXBuildFile; fileRef = 682FBF101DE8E2FB003D4F11 /* tockIcon.png */; };
		683DAC341DD1010900F5BE2C /* TempUnitsCell.swift in Sources */ = {isa = PBXBuildFile; fileRef = 683DAC331DD1010900F5BE2C /* TempUnitsCell.swift */; };
		683DAC361DD1011C00F5BE2C /* TockLocationManagerDelegate.swift in Sources */ = {isa = PBXBuildFile; fileRef = 683DAC351DD1011C00F5BE2C /* TockLocationManagerDelegate.swift */; };
		683DAC391DD1013A00F5BE2C /* TockWakeUp.swift in Sources */ = {isa = PBXBuildFile; fileRef = 683DAC371DD1013A00F5BE2C /* TockWakeUp.swift */; };
		683DAC3A1DD1013A00F5BE2C /* TransitTockWakeUp.swift in Sources */ = {isa = PBXBuildFile; fileRef = 683DAC381DD1013A00F5BE2C /* TransitTockWakeUp.swift */; };
		683DAC3E1DD1033800F5BE2C /* TockTableViewCell.swift in Sources */ = {isa = PBXBuildFile; fileRef = 683DAC3D1DD1033800F5BE2C /* TockTableViewCell.swift */; };
		683DAC401DD103A900F5BE2C /* CalendarTockWakeUp.swift in Sources */ = {isa = PBXBuildFile; fileRef = 683DAC3F1DD103A900F5BE2C /* CalendarTockWakeUp.swift */; };
		683DAC421DD103B900F5BE2C /* WeatherTockWakeUp.swift in Sources */ = {isa = PBXBuildFile; fileRef = 683DAC411DD103B900F5BE2C /* WeatherTockWakeUp.swift */; };
		683DAC441DD103D500F5BE2C /* NewModal.swift in Sources */ = {isa = PBXBuildFile; fileRef = 683DAC431DD103D500F5BE2C /* NewModal.swift */; };
		683DAC461DD103E100F5BE2C /* UnwindNewModal.swift in Sources */ = {isa = PBXBuildFile; fileRef = 683DAC451DD103E100F5BE2C /* UnwindNewModal.swift */; };
		683DAC481DD103FA00F5BE2C /* KTRequestDelegate.swift in Sources */ = {isa = PBXBuildFile; fileRef = 683DAC471DD103FA00F5BE2C /* KTRequestDelegate.swift */; };
		683DAC4A1DD1040B00F5BE2C /* KTRequester.swift in Sources */ = {isa = PBXBuildFile; fileRef = 683DAC491DD1040B00F5BE2C /* KTRequester.swift */; };
		683E31CF1DD0D336006081CF /* TockTableViewSelectionDelegate.swift in Sources */ = {isa = PBXBuildFile; fileRef = 683E31CE1DD0D336006081CF /* TockTableViewSelectionDelegate.swift */; };
		683E31D11DD0D39C006081CF /* TockTableView.swift in Sources */ = {isa = PBXBuildFile; fileRef = 683E31D01DD0D39C006081CF /* TockTableView.swift */; };
		683E31D31DD0D3BA006081CF /* WakeUpManager.swift in Sources */ = {isa = PBXBuildFile; fileRef = 683E31D21DD0D3BA006081CF /* WakeUpManager.swift */; };
		683E31D51DD0D3DC006081CF /* ModalTransitionDelegate.swift in Sources */ = {isa = PBXBuildFile; fileRef = 683E31D41DD0D3DC006081CF /* ModalTransitionDelegate.swift */; };
		683E31D71DD0D444006081CF /* TockLocationManager.swift in Sources */ = {isa = PBXBuildFile; fileRef = 683E31D61DD0D444006081CF /* TockLocationManager.swift */; };
		683E31D91DD0D478006081CF /* TockEventsManager.swift in Sources */ = {isa = PBXBuildFile; fileRef = 683E31D81DD0D478006081CF /* TockEventsManager.swift */; };
		683E31DB1DD0D481006081CF /* TockEventsManagerDelegate.swift in Sources */ = {isa = PBXBuildFile; fileRef = 683E31DA1DD0D481006081CF /* TockEventsManagerDelegate.swift */; };
		683E31DD1DD0D4AF006081CF /* Location.swift in Sources */ = {isa = PBXBuildFile; fileRef = 683E31DC1DD0D4AF006081CF /* Location.swift */; };
		683E8BE81DF5BD2C00205235 /* TockBedsideViewController.swift in Sources */ = {isa = PBXBuildFile; fileRef = 683E8BE71DF5BD2C00205235 /* TockBedsideViewController.swift */; };
		683E8BEA1DF5C3A300205235 /* DS-DIGI.TTF in Resources */ = {isa = PBXBuildFile; fileRef = 683E8BE91DF5C1D500205235 /* DS-DIGI.TTF */; };
		68424E701DE4959D0061944F /* AvenirLTStd-Book.otf in Resources */ = {isa = PBXBuildFile; fileRef = 68424E6D1DE4959D0061944F /* AvenirLTStd-Book.otf */; };
		68424E711DE4959D0061944F /* AvenirLTStd-Light.otf in Resources */ = {isa = PBXBuildFile; fileRef = 68424E6E1DE4959D0061944F /* AvenirLTStd-Light.otf */; };
		68424E721DE4959D0061944F /* AvenirLTStd-Roman.otf in Resources */ = {isa = PBXBuildFile; fileRef = 68424E6F1DE4959D0061944F /* AvenirLTStd-Roman.otf */; };
		68424E771DE4A64F0061944F /* home3.png in Resources */ = {isa = PBXBuildFile; fileRef = 68424E741DE4A64F0061944F /* home3.png */; };
		68424E7A1DE4A7650061944F /* location2.png in Resources */ = {isa = PBXBuildFile; fileRef = 68424E791DE4A7650061944F /* location2.png */; };
		68424E7C1DE4B4D00061944F /* StartButton.swift in Sources */ = {isa = PBXBuildFile; fileRef = 68424E7B1DE4B4D00061944F /* StartButton.swift */; };
		68424E7E1DE4F3D60061944F /* Queue.swift in Sources */ = {isa = PBXBuildFile; fileRef = 68424E7D1DE4F3D50061944F /* Queue.swift */; };
		6846C59B1DE5E4C9004FBDE0 /* NewsItem.swift in Sources */ = {isa = PBXBuildFile; fileRef = 6846C59A1DE5E4C9004FBDE0 /* NewsItem.swift */; };
		6846C59D1DE6161B004FBDE0 /* NewsCell.swift in Sources */ = {isa = PBXBuildFile; fileRef = 6846C59C1DE6161B004FBDE0 /* NewsCell.swift */; };
		6850AB6C1DF224E90035F5E4 /* TockSettingsViewController.swift in Sources */ = {isa = PBXBuildFile; fileRef = 6850AB6B1DF224E90035F5E4 /* TockSettingsViewController.swift */; };
		6850AB701DF228F50035F5E4 /* SettingsTableViewCell.swift in Sources */ = {isa = PBXBuildFile; fileRef = 6850AB6F1DF228F50035F5E4 /* SettingsTableViewCell.swift */; };
		6850AB741DF22D8A0035F5E4 /* volume-medium.png in Resources */ = {isa = PBXBuildFile; fileRef = 6850AB721DF22D8A0035F5E4 /* volume-medium.png */; };
		685501491E10849900B4E5DA /* TockMusicViewController.swift in Sources */ = {isa = PBXBuildFile; fileRef = 685501481E10849900B4E5DA /* TockMusicViewController.swift */; };
		687F5EC31DD124BE00148487 /* SparkleView.swift in Sources */ = {isa = PBXBuildFile; fileRef = 687F5EC21DD124BE00148487 /* SparkleView.swift */; };
		688A54FC1DD674C300BC1A31 /* OptionsUnwindTransition.swift in Sources */ = {isa = PBXBuildFile; fileRef = 688A54FB1DD674C300BC1A31 /* OptionsUnwindTransition.swift */; };
		68934AFF1DD00D26005D109E /* AppDelegate.swift in Sources */ = {isa = PBXBuildFile; fileRef = 68934AFE1DD00D26005D109E /* AppDelegate.swift */; };
		68934B041DD00D26005D109E /* Main.storyboard in Resources */ = {isa = PBXBuildFile; fileRef = 68934B021DD00D26005D109E /* Main.storyboard */; };
		68934B061DD00D26005D109E /* Assets.xcassets in Resources */ = {isa = PBXBuildFile; fileRef = 68934B051DD00D26005D109E /* Assets.xcassets */; };
		68934B091DD00D26005D109E /* LaunchScreen.storyboard in Resources */ = {isa = PBXBuildFile; fileRef = 68934B071DD00D26005D109E /* LaunchScreen.storyboard */; };
		68934B141DD00D26005D109E /* TockTests.swift in Sources */ = {isa = PBXBuildFile; fileRef = 68934B131DD00D26005D109E /* TockTests.swift */; };
		68934B1F1DD00D26005D109E /* TockUITests.swift in Sources */ = {isa = PBXBuildFile; fileRef = 68934B1E1DD00D26005D109E /* TockUITests.swift */; };
		68934B2D1DD00F4A005D109E /* ViewController.swift in Sources */ = {isa = PBXBuildFile; fileRef = 68934B2C1DD00F4A005D109E /* ViewController.swift */; };
		68934B2F1DD00F7C005D109E /* TockTimePicker.swift in Sources */ = {isa = PBXBuildFile; fileRef = 68934B2E1DD00F7C005D109E /* TockTimePicker.swift */; };
		68934B321DD00FB8005D109E /* Trig.swift in Sources */ = {isa = PBXBuildFile; fileRef = 68934B311DD00FB8005D109E /* Trig.swift */; };
		68934B341DD00FEB005D109E /* TimePickerDelegate.swift in Sources */ = {isa = PBXBuildFile; fileRef = 68934B331DD00FEB005D109E /* TimePickerDelegate.swift */; };
		68934B361DD0101B005D109E /* KTUtility.swift in Sources */ = {isa = PBXBuildFile; fileRef = 68934B351DD0101B005D109E /* KTUtility.swift */; };
		68934B381DD01038005D109E /* system_constants.swift in Sources */ = {isa = PBXBuildFile; fileRef = 68934B371DD01038005D109E /* system_constants.swift */; };
		68934B3B1DD010EE005D109E /* OptionsTransition.swift in Sources */ = {isa = PBXBuildFile; fileRef = 68934B391DD010EE005D109E /* OptionsTransition.swift */; };
		68934B3C1DD010EE005D109E /* OptionsTransitionDelegate.swift in Sources */ = {isa = PBXBuildFile; fileRef = 68934B3A1DD010EE005D109E /* OptionsTransitionDelegate.swift */; };
		68934B401DD01152005D109E /* TockButton.swift in Sources */ = {isa = PBXBuildFile; fileRef = 68934B3F1DD01152005D109E /* TockButton.swift */; };
		68934B421DD01174005D109E /* PopTransitionDelegate.swift in Sources */ = {isa = PBXBuildFile; fileRef = 68934B411DD01174005D109E /* PopTransitionDelegate.swift */; };
		68934B441DD011A0005D109E /* PopTransition.swift in Sources */ = {isa = PBXBuildFile; fileRef = 68934B431DD011A0005D109E /* PopTransition.swift */; };
		68934B461DD011AB005D109E /* UnwindPopTransition.swift in Sources */ = {isa = PBXBuildFile; fileRef = 68934B451DD011AB005D109E /* UnwindPopTransition.swift */; };
		68934B481DD01B18005D109E /* WelcomeViewController.swift in Sources */ = {isa = PBXBuildFile; fileRef = 68934B471DD01B18005D109E /* WelcomeViewController.swift */; };
		68934B4A1DD01B3C005D109E /* RightSlideTransition.swift in Sources */ = {isa = PBXBuildFile; fileRef = 68934B491DD01B3C005D109E /* RightSlideTransition.swift */; };
		68934B4C1DD01BBE005D109E /* ServicesViewController.swift in Sources */ = {isa = PBXBuildFile; fileRef = 68934B4B1DD01BBE005D109E /* ServicesViewController.swift */; };
		68934B4E1DD01CFF005D109E /* ServiceSelectorViewController.swift in Sources */ = {isa = PBXBuildFile; fileRef = 68934B4D1DD01CFF005D109E /* ServiceSelectorViewController.swift */; };
		68934B7A1DD01D31005D109E /* arstechnica-m.png in Resources */ = {isa = PBXBuildFile; fileRef = 68934B511DD01D31005D109E /* arstechnica-m.png */; };
		68934B7B1DD01D31005D109E /* bbcnews-m.png in Resources */ = {isa = PBXBuildFile; fileRef = 68934B521DD01D31005D109E /* bbcnews-m.png */; };
		68934B7C1DD01D31005D109E /* bbcsport-m.png in Resources */ = {isa = PBXBuildFile; fileRef = 68934B531DD01D31005D109E /* bbcsport-m.png */; };
		68934B7E1DD01D31005D109E /* bloomberg-m.png in Resources */ = {isa = PBXBuildFile; fileRef = 68934B551DD01D31005D109E /* bloomberg-m.png */; };
		68934B7F1DD01D31005D109E /* buzzfeed-m.png in Resources */ = {isa = PBXBuildFile; fileRef = 68934B561DD01D31005D109E /* buzzfeed-m.png */; };
		68934B821DD01D31005D109E /* cnbc-m.png in Resources */ = {isa = PBXBuildFile; fileRef = 68934B591DD01D31005D109E /* cnbc-m.png */; };
		68934B831DD01D31005D109E /* cnn-m.png in Resources */ = {isa = PBXBuildFile; fileRef = 68934B5A1DD01D31005D109E /* cnn-m.png */; };
		68934B841DD01D31005D109E /* emit.png in Resources */ = {isa = PBXBuildFile; fileRef = 68934B5B1DD01D31005D109E /* emit.png */; };
		68934B851DD01D31005D109E /* engadget-m.png in Resources */ = {isa = PBXBuildFile; fileRef = 68934B5C1DD01D31005D109E /* engadget-m.png */; };
		68934B861DD01D31005D109E /* entertainmentweekly-m.png in Resources */ = {isa = PBXBuildFile; fileRef = 68934B5D1DD01D31005D109E /* entertainmentweekly-m.png */; };
		68934B881DD01D31005D109E /* espn-m.png in Resources */ = {isa = PBXBuildFile; fileRef = 68934B5F1DD01D31005D109E /* espn-m.png */; };
		68934B8C1DD01D31005D109E /* googlenews-m.png in Resources */ = {isa = PBXBuildFile; fileRef = 68934B631DD01D31005D109E /* googlenews-m.png */; };
		68934B8D1DD01D31005D109E /* hackernews-m.png in Resources */ = {isa = PBXBuildFile; fileRef = 68934B641DD01D31005D109E /* hackernews-m.png */; };
		68934B8E1DD01D31005D109E /* independent-m.png in Resources */ = {isa = PBXBuildFile; fileRef = 68934B651DD01D31005D109E /* independent-m.png */; };
		68934B8F1DD01D31005D109E /* mashable-m.png in Resources */ = {isa = PBXBuildFile; fileRef = 68934B661DD01D31005D109E /* mashable-m.png */; };
		68934B931DD01D31005D109E /* recode-m.png in Resources */ = {isa = PBXBuildFile; fileRef = 68934B6A1DD01D31005D109E /* recode-m.png */; };
		68934B941DD01D31005D109E /* redditrall-m.png in Resources */ = {isa = PBXBuildFile; fileRef = 68934B6B1DD01D31005D109E /* redditrall-m.png */; };
		68934B951DD01D31005D109E /* reuters-m.png in Resources */ = {isa = PBXBuildFile; fileRef = 68934B6C1DD01D31005D109E /* reuters-m.png */; };
		68934B981DD01D31005D109E /* techcrunch-m.png in Resources */ = {isa = PBXBuildFile; fileRef = 68934B6F1DD01D31005D109E /* techcrunch-m.png */; };
		68934B991DD01D31005D109E /* theguardianuk-m.png in Resources */ = {isa = PBXBuildFile; fileRef = 68934B701DD01D31005D109E /* theguardianuk-m.png */; };
		68934B9A1DD01D31005D109E /* thehuffingtonpost-m.png in Resources */ = {isa = PBXBuildFile; fileRef = 68934B711DD01D31005D109E /* thehuffingtonpost-m.png */; };
		68934B9B1DD01D31005D109E /* thenewyorktimes-m.png in Resources */ = {isa = PBXBuildFile; fileRef = 68934B721DD01D31005D109E /* thenewyorktimes-m.png */; };
		68934B9C1DD01D31005D109E /* thenextweb-m.png in Resources */ = {isa = PBXBuildFile; fileRef = 68934B731DD01D31005D109E /* thenextweb-m.png */; };
		68934B9D1DD01D31005D109E /* theverge-m.png in Resources */ = {isa = PBXBuildFile; fileRef = 68934B741DD01D31005D109E /* theverge-m.png */; };
		68934B9E1DD01D31005D109E /* thewallstreetjournal-m.png in Resources */ = {isa = PBXBuildFile; fileRef = 68934B751DD01D31005D109E /* thewallstreetjournal-m.png */; };
		68934B9F1DD01D31005D109E /* thewashingtonpost-m.png in Resources */ = {isa = PBXBuildFile; fileRef = 68934B761DD01D31005D109E /* thewashingtonpost-m.png */; };
		68934BA31DD01D55005D109E /* TockConfigureViewController.swift in Sources */ = {isa = PBXBuildFile; fileRef = 68934BA21DD01D55005D109E /* TockConfigureViewController.swift */; };
		68934BA51DD01D6F005D109E /* nuberAdjuster.swift in Sources */ = {isa = PBXBuildFile; fileRef = 68934BA41DD01D6F005D109E /* nuberAdjuster.swift */; };
		68934BA71DD01DCC005D109E /* SettingsCell.swift in Sources */ = {isa = PBXBuildFile; fileRef = 68934BA61DD01DCC005D109E /* SettingsCell.swift */; };
		689526451E018B0E00B7888D /* FailedTableViewCell.swift in Sources */ = {isa = PBXBuildFile; fileRef = 689526441E018B0E00B7888D /* FailedTableViewCell.swift */; };
		68B746471DD61850007BA513 /* NewsTockWakeUp.swift in Sources */ = {isa = PBXBuildFile; fileRef = 68B746461DD61850007BA513 /* NewsTockWakeUp.swift */; };
		68D245D41E11CEF000B1DFEE /* MusicTableViewCell.swift in Sources */ = {isa = PBXBuildFile; fileRef = 68D245D31E11CEF000B1DFEE /* MusicTableViewCell.swift */; };
		68D2EAD01DD381DC00C3732A /* TockAlarmViewController.swift in Sources */ = {isa = PBXBuildFile; fileRef = 68D2EACF1DD381DC00C3732A /* TockAlarmViewController.swift */; };
		68D2EAD21DD3A20900C3732A /* TockBeepViewController.swift in Sources */ = {isa = PBXBuildFile; fileRef = 68D2EAD11DD3A20900C3732A /* TockBeepViewController.swift */; };
		68D639B51E02FBE0007862D4 /* NotificationCenter.framework in Frameworks */ = {isa = PBXBuildFile; fileRef = 68D639B41E02FBE0007862D4 /* NotificationCenter.framework */; };
		68D639B81E02FBE0007862D4 /* TodayViewController.swift in Sources */ = {isa = PBXBuildFile; fileRef = 68D639B71E02FBE0007862D4 /* TodayViewController.swift */; };
		68D639BB1E02FBE0007862D4 /* MainInterface.storyboard in Resources */ = {isa = PBXBuildFile; fileRef = 68D639B91E02FBE0007862D4 /* MainInterface.storyboard */; };
		68D639BF1E02FBE0007862D4 /* Tock Widget.appex in Embed App Extensions */ = {isa = PBXBuildFile; fileRef = 68D639B31E02FBE0007862D4 /* Tock Widget.appex */; settings = {ATTRIBUTES = (RemoveHeadersOnCopy, ); }; };
		68DAB5441DEF5A2E0040D253 /* play4.png in Resources */ = {isa = PBXBuildFile; fileRef = 68DAB5431DEF5A2E0040D253 /* play4.png */; };
		68DAB5461DEF5B260040D253 /* TockWakeViewController.swift in Sources */ = {isa = PBXBuildFile; fileRef = 68DAB5451DEF5B260040D253 /* TockWakeViewController.swift */; };
		68DEBA461DF23B6700FA2748 /* AboutTableViewCell.swift in Sources */ = {isa = PBXBuildFile; fileRef = 68DEBA451DF23B6700FA2748 /* AboutTableViewCell.swift */; };
		68DEBA481DF2427000FA2748 /* SettingsDetailViewController.swift in Sources */ = {isa = PBXBuildFile; fileRef = 68DEBA471DF2427000FA2748 /* SettingsDetailViewController.swift */; };
		68DEBA4A1DF2460700FA2748 /* DetailSettingsTableViewCell.swift in Sources */ = {isa = PBXBuildFile; fileRef = 68DEBA491DF2460700FA2748 /* DetailSettingsTableViewCell.swift */; };
		68E8C78D1DE7B38100D898F3 /* cancel-circle.png in Resources */ = {isa = PBXBuildFile; fileRef = 68E8C7891DE7B38100D898F3 /* cancel-circle.png */; };
		68E8C78E1DE7B38100D898F3 /* pause2.png in Resources */ = {isa = PBXBuildFile; fileRef = 68E8C78A1DE7B38100D898F3 /* pause2.png */; };
		68E8C78F1DE7B38100D898F3 /* play3.png in Resources */ = {isa = PBXBuildFile; fileRef = 68E8C78B1DE7B38100D898F3 /* play3.png */; };
		68E8C7901DE7B38100D898F3 /* spinner11.png in Resources */ = {isa = PBXBuildFile; fileRef = 68E8C78C1DE7B38100D898F3 /* spinner11.png */; };
		68E8C7921DE7F88200D898F3 /* alarm.wav in Resources */ = {isa = PBXBuildFile; fileRef = 68E8C7911DE7F88200D898F3 /* alarm.wav */; };
		68EA9EE51E01A64E00F06223 /* weather.ttf in Resources */ = {isa = PBXBuildFile; fileRef = 68EA9EE41E01A63900F06223 /* weather.ttf */; };
		68F138951DD039B2004DE6CD /* TockSettingsSelectionDelegate.swift in Sources */ = {isa = PBXBuildFile; fileRef = 68F138941DD039B2004DE6CD /* TockSettingsSelectionDelegate.swift */; };
		68F138971DD039EB004DE6CD /* TockSettingsTableView.swift in Sources */ = {isa = PBXBuildFile; fileRef = 68F138961DD039EB004DE6CD /* TockSettingsTableView.swift */; };
		68F146E41DE3CF48000CF4DE /* UnwindConfigureTransition.swift in Sources */ = {isa = PBXBuildFile; fileRef = 68F146E31DE3CF48000CF4DE /* UnwindConfigureTransition.swift */; };
		68F659821DE55E7300F40FF9 /* WeatherCellTableViewCell.swift in Sources */ = {isa = PBXBuildFile; fileRef = 68F659811DE55E7300F40FF9 /* WeatherCellTableViewCell.swift */; };
		68F659881DE5695C00F40FF9 /* CalCell.swift in Sources */ = {isa = PBXBuildFile; fileRef = 68F659871DE5695C00F40FF9 /* CalCell.swift */; };
		68F919D31E07122C00C220A0 /* editbutton.png in Resources */ = {isa = PBXBuildFile; fileRef = 68F919D21E07122C00C220A0 /* editbutton.png */; };
		68F919D51E07133F00C220A0 /* startButton.png in Resources */ = {isa = PBXBuildFile; fileRef = 68F919D41E07133F00C220A0 /* startButton.png */; };
		866B1B4B50F110BE1E75E770 /* Pods_Tock_TockTests.framework in Frameworks */ = {isa = PBXBuildFile; fileRef = A2EDB4C4BEA428E22CC48BCD /* Pods_Tock_TockTests.framework */; };
		A0AC9C6B00C142C0496AE7D1 /* Pods_Tock.framework in Frameworks */ = {isa = PBXBuildFile; fileRef = 74EFC112875E08A918B2CBC6 /* Pods_Tock.framework */; };
/* End PBXBuildFile section */

/* Begin PBXContainerItemProxy section */
		68934B101DD00D26005D109E /* PBXContainerItemProxy */ = {
			isa = PBXContainerItemProxy;
			containerPortal = 68934AF31DD00D25005D109E /* Project object */;
			proxyType = 1;
			remoteGlobalIDString = 68934AFA1DD00D26005D109E;
			remoteInfo = Tock;
		};
		68934B1B1DD00D26005D109E /* PBXContainerItemProxy */ = {
			isa = PBXContainerItemProxy;
			containerPortal = 68934AF31DD00D25005D109E /* Project object */;
			proxyType = 1;
			remoteGlobalIDString = 68934AFA1DD00D26005D109E;
			remoteInfo = Tock;
		};
		68D639BD1E02FBE0007862D4 /* PBXContainerItemProxy */ = {
			isa = PBXContainerItemProxy;
			containerPortal = 68934AF31DD00D25005D109E /* Project object */;
			proxyType = 1;
			remoteGlobalIDString = 68D639B21E02FBE0007862D4;
			remoteInfo = "Tock Widget";
		};
/* End PBXContainerItemProxy section */

/* Begin PBXCopyFilesBuildPhase section */
		68D639C31E02FBE0007862D4 /* Embed App Extensions */ = {
			isa = PBXCopyFilesBuildPhase;
			buildActionMask = 2147483647;
			dstPath = "";
			dstSubfolderSpec = 13;
			files = (
				68D639BF1E02FBE0007862D4 /* Tock Widget.appex in Embed App Extensions */,
			);
			name = "Embed App Extensions";
			runOnlyForDeploymentPostprocessing = 0;
		};
/* End PBXCopyFilesBuildPhase section */

/* Begin PBXFileReference section */
		20318BEAD392D11357767CFD /* Pods-Tock-TockTests.release.xcconfig */ = {isa = PBXFileReference; includeInIndex = 1; lastKnownFileType = text.xcconfig; name = "Pods-Tock-TockTests.release.xcconfig"; path = "Pods/Target Support Files/Pods-Tock-TockTests/Pods-Tock-TockTests.release.xcconfig"; sourceTree = "<group>"; };
		3927B6BA92C600BD87C5B9BB /* Pods-Tock-TockUITests.release.xcconfig */ = {isa = PBXFileReference; includeInIndex = 1; lastKnownFileType = text.xcconfig; name = "Pods-Tock-TockUITests.release.xcconfig"; path = "Pods/Target Support Files/Pods-Tock-TockUITests/Pods-Tock-TockUITests.release.xcconfig"; sourceTree = "<group>"; };
		6800CCF11DE3C9AA00B26031 /* ConfigureTransition.swift */ = {isa = PBXFileReference; fileEncoding = 4; lastKnownFileType = sourcecode.swift; path = ConfigureTransition.swift; sourceTree = "<group>"; };
		6805D16B1E0311C0004ABB8A /* Tock Widget.entitlements */ = {isa = PBXFileReference; lastKnownFileType = text.plist.entitlements; path = "Tock Widget.entitlements"; sourceTree = "<group>"; };
		6805D16C1E03558B004ABB8A /* alarmTest.wav */ = {isa = PBXFileReference; lastKnownFileType = audio.wav; path = alarmTest.wav; sourceTree = "<group>"; };
		6805D16E1E03583A004ABB8A /* fogHornSample.wav */ = {isa = PBXFileReference; lastKnownFileType = audio.wav; path = fogHornSample.wav; sourceTree = "<group>"; };
		6805D16F1E03583A004ABB8A /* sirenSample.wav */ = {isa = PBXFileReference; lastKnownFileType = audio.wav; path = sirenSample.wav; sourceTree = "<group>"; };
		6805D1721E036350004ABB8A /* StoreKit.framework */ = {isa = PBXFileReference; lastKnownFileType = wrapper.framework; name = StoreKit.framework; path = System/Library/Frameworks/StoreKit.framework; sourceTree = SDKROOT; };
		6805D1741E036359004ABB8A /* GameKit.framework */ = {isa = PBXFileReference; lastKnownFileType = wrapper.framework; name = GameKit.framework; path = System/Library/Frameworks/GameKit.framework; sourceTree = SDKROOT; };
		681353DE1DE8AC7C0035E78B /* home.png */ = {isa = PBXFileReference; lastKnownFileType = image.png; path = home.png; sourceTree = "<group>"; };
		681353DF1DE8AC7C0035E78B /* connectServices.png */ = {isa = PBXFileReference; lastKnownFileType = image.png; path = connectServices.png; sourceTree = "<group>"; };
		681353E41DE8BB120035E78B /* HomeTutorialViewController.swift */ = {isa = PBXFileReference; fileEncoding = 4; lastKnownFileType = sourcecode.swift; path = HomeTutorialViewController.swift; sourceTree = "<group>"; };
		681353E61DE8C6A50035E78B /* timePicker.png */ = {isa = PBXFileReference; lastKnownFileType = image.png; path = timePicker.png; sourceTree = "<group>"; };
		681353E81DE8CE560035E78B /* Tock.entitlements */ = {isa = PBXFileReference; lastKnownFileType = text.plist.entitlements; path = Tock.entitlements; sourceTree = "<group>"; };
		681353EB1DE8CFA00035E78B /* UpgradeViewController.swift */ = {isa = PBXFileReference; fileEncoding = 4; lastKnownFileType = sourcecode.swift; path = UpgradeViewController.swift; sourceTree = "<group>"; };
		681B1A341E00E15400457AF6 /* RemindersTockWakeUp.swift */ = {isa = PBXFileReference; fileEncoding = 4; lastKnownFileType = sourcecode.swift; path = RemindersTockWakeUp.swift; sourceTree = "<group>"; };
		681E669F1DF3391C00EC9AC1 /* SwitchTableViewCell.swift */ = {isa = PBXFileReference; fileEncoding = 4; lastKnownFileType = sourcecode.swift; path = SwitchTableViewCell.swift; sourceTree = "<group>"; };
		681E66A21DF3695A00EC9AC1 /* siren.wav */ = {isa = PBXFileReference; lastKnownFileType = audio.wav; path = siren.wav; sourceTree = "<group>"; };
		681E66A41DF36E7900EC9AC1 /* fogHorn.wav */ = {isa = PBXFileReference; lastKnownFileType = audio.wav; path = fogHorn.wav; sourceTree = "<group>"; };
		682AFBF21E05996400862A1A /* Tock.png */ = {isa = PBXFileReference; lastKnownFileType = image.png; path = Tock.png; sourceTree = "<group>"; };
		682BE0E81E072B63002A490F /* GoogleService-Info.plist */ = {isa = PBXFileReference; fileEncoding = 4; lastKnownFileType = text.plist.xml; name = "GoogleService-Info.plist"; path = "../../../Downloads/GoogleService-Info.plist"; sourceTree = "<group>"; };
		682BE0ED1E072D82002A490F /* Tock-Bridging-Header.h */ = {isa = PBXFileReference; lastKnownFileType = sourcecode.c.h; path = "Tock-Bridging-Header.h"; sourceTree = "<group>"; };
		682FBF101DE8E2FB003D4F11 /* tockIcon.png */ = {isa = PBXFileReference; lastKnownFileType = image.png; path = tockIcon.png; sourceTree = "<group>"; };
		683DAC331DD1010900F5BE2C /* TempUnitsCell.swift */ = {isa = PBXFileReference; fileEncoding = 4; lastKnownFileType = sourcecode.swift; path = TempUnitsCell.swift; sourceTree = "<group>"; };
		683DAC351DD1011C00F5BE2C /* TockLocationManagerDelegate.swift */ = {isa = PBXFileReference; fileEncoding = 4; lastKnownFileType = sourcecode.swift; path = TockLocationManagerDelegate.swift; sourceTree = "<group>"; };
		683DAC371DD1013A00F5BE2C /* TockWakeUp.swift */ = {isa = PBXFileReference; fileEncoding = 4; lastKnownFileType = sourcecode.swift; path = TockWakeUp.swift; sourceTree = "<group>"; };
		683DAC381DD1013A00F5BE2C /* TransitTockWakeUp.swift */ = {isa = PBXFileReference; fileEncoding = 4; lastKnownFileType = sourcecode.swift; path = TransitTockWakeUp.swift; sourceTree = "<group>"; };
		683DAC3D1DD1033800F5BE2C /* TockTableViewCell.swift */ = {isa = PBXFileReference; fileEncoding = 4; lastKnownFileType = sourcecode.swift; path = TockTableViewCell.swift; sourceTree = "<group>"; };
		683DAC3F1DD103A900F5BE2C /* CalendarTockWakeUp.swift */ = {isa = PBXFileReference; fileEncoding = 4; lastKnownFileType = sourcecode.swift; path = CalendarTockWakeUp.swift; sourceTree = "<group>"; };
		683DAC411DD103B900F5BE2C /* WeatherTockWakeUp.swift */ = {isa = PBXFileReference; fileEncoding = 4; lastKnownFileType = sourcecode.swift; path = WeatherTockWakeUp.swift; sourceTree = "<group>"; };
		683DAC431DD103D500F5BE2C /* NewModal.swift */ = {isa = PBXFileReference; fileEncoding = 4; lastKnownFileType = sourcecode.swift; path = NewModal.swift; sourceTree = "<group>"; };
		683DAC451DD103E100F5BE2C /* UnwindNewModal.swift */ = {isa = PBXFileReference; fileEncoding = 4; lastKnownFileType = sourcecode.swift; path = UnwindNewModal.swift; sourceTree = "<group>"; };
		683DAC471DD103FA00F5BE2C /* KTRequestDelegate.swift */ = {isa = PBXFileReference; fileEncoding = 4; lastKnownFileType = sourcecode.swift; path = KTRequestDelegate.swift; sourceTree = "<group>"; };
		683DAC491DD1040B00F5BE2C /* KTRequester.swift */ = {isa = PBXFileReference; fileEncoding = 4; lastKnownFileType = sourcecode.swift; path = KTRequester.swift; sourceTree = "<group>"; };
		683E31CE1DD0D336006081CF /* TockTableViewSelectionDelegate.swift */ = {isa = PBXFileReference; fileEncoding = 4; lastKnownFileType = sourcecode.swift; path = TockTableViewSelectionDelegate.swift; sourceTree = "<group>"; };
		683E31D01DD0D39C006081CF /* TockTableView.swift */ = {isa = PBXFileReference; fileEncoding = 4; lastKnownFileType = sourcecode.swift; name = TockTableView.swift; path = ../../../Desktop/Tock/TockTableView.swift; sourceTree = "<group>"; };
		683E31D21DD0D3BA006081CF /* WakeUpManager.swift */ = {isa = PBXFileReference; fileEncoding = 4; lastKnownFileType = sourcecode.swift; path = WakeUpManager.swift; sourceTree = "<group>"; };
		683E31D41DD0D3DC006081CF /* ModalTransitionDelegate.swift */ = {isa = PBXFileReference; fileEncoding = 4; lastKnownFileType = sourcecode.swift; path = ModalTransitionDelegate.swift; sourceTree = "<group>"; };
		683E31D61DD0D444006081CF /* TockLocationManager.swift */ = {isa = PBXFileReference; fileEncoding = 4; lastKnownFileType = sourcecode.swift; path = TockLocationManager.swift; sourceTree = "<group>"; };
		683E31D81DD0D478006081CF /* TockEventsManager.swift */ = {isa = PBXFileReference; fileEncoding = 4; lastKnownFileType = sourcecode.swift; path = TockEventsManager.swift; sourceTree = "<group>"; };
		683E31DA1DD0D481006081CF /* TockEventsManagerDelegate.swift */ = {isa = PBXFileReference; fileEncoding = 4; lastKnownFileType = sourcecode.swift; path = TockEventsManagerDelegate.swift; sourceTree = "<group>"; };
		683E31DC1DD0D4AF006081CF /* Location.swift */ = {isa = PBXFileReference; fileEncoding = 4; lastKnownFileType = sourcecode.swift; path = Location.swift; sourceTree = "<group>"; };
		683E8BE71DF5BD2C00205235 /* TockBedsideViewController.swift */ = {isa = PBXFileReference; fileEncoding = 4; lastKnownFileType = sourcecode.swift; path = TockBedsideViewController.swift; sourceTree = "<group>"; };
		683E8BE91DF5C1D500205235 /* DS-DIGI.TTF */ = {isa = PBXFileReference; lastKnownFileType = file; path = "DS-DIGI.TTF"; sourceTree = "<group>"; };
		68424E6D1DE4959D0061944F /* AvenirLTStd-Book.otf */ = {isa = PBXFileReference; lastKnownFileType = file; path = "AvenirLTStd-Book.otf"; sourceTree = "<group>"; };
		68424E6E1DE4959D0061944F /* AvenirLTStd-Light.otf */ = {isa = PBXFileReference; lastKnownFileType = file; path = "AvenirLTStd-Light.otf"; sourceTree = "<group>"; };
		68424E6F1DE4959D0061944F /* AvenirLTStd-Roman.otf */ = {isa = PBXFileReference; lastKnownFileType = file; path = "AvenirLTStd-Roman.otf"; sourceTree = "<group>"; };
		68424E741DE4A64F0061944F /* home3.png */ = {isa = PBXFileReference; lastKnownFileType = image.png; path = home3.png; sourceTree = "<group>"; };
		68424E791DE4A7650061944F /* location2.png */ = {isa = PBXFileReference; lastKnownFileType = image.png; path = location2.png; sourceTree = "<group>"; };
		68424E7B1DE4B4D00061944F /* StartButton.swift */ = {isa = PBXFileReference; fileEncoding = 4; lastKnownFileType = sourcecode.swift; path = StartButton.swift; sourceTree = "<group>"; };
		68424E7D1DE4F3D50061944F /* Queue.swift */ = {isa = PBXFileReference; fileEncoding = 4; lastKnownFileType = sourcecode.swift; path = Queue.swift; sourceTree = "<group>"; };
		6846C59A1DE5E4C9004FBDE0 /* NewsItem.swift */ = {isa = PBXFileReference; fileEncoding = 4; lastKnownFileType = sourcecode.swift; path = NewsItem.swift; sourceTree = "<group>"; };
		6846C59C1DE6161B004FBDE0 /* NewsCell.swift */ = {isa = PBXFileReference; fileEncoding = 4; lastKnownFileType = sourcecode.swift; path = NewsCell.swift; sourceTree = "<group>"; };
		6848D9711E072431006A1392 /* FBSDKCoreKit.framework */ = {isa = PBXFileReference; lastKnownFileType = wrapper.framework; name = FBSDKCoreKit.framework; path = "../../Downloads/FacebookSDKs-iOS-4.18.0/FBSDKCoreKit.framework"; sourceTree = "<group>"; };
		6848D9731E0724D8006A1392 /* FBSDKCoreKit.framework */ = {isa = PBXFileReference; lastKnownFileType = wrapper.framework; name = FBSDKCoreKit.framework; path = "../../../Downloads/FacebookSDKs-iOS-4.18.0/FBSDKCoreKit.framework"; sourceTree = "<group>"; };
		6848D9771E072550006A1392 /* FBSDKCoreKit.framework */ = {isa = PBXFileReference; lastKnownFileType = wrapper.framework; name = FBSDKCoreKit.framework; path = "../FacebookSDKs-iOS-4.18.0/FBSDKCoreKit.framework"; sourceTree = "<group>"; };
		6850AB6B1DF224E90035F5E4 /* TockSettingsViewController.swift */ = {isa = PBXFileReference; fileEncoding = 4; lastKnownFileType = sourcecode.swift; path = TockSettingsViewController.swift; sourceTree = "<group>"; };
		6850AB6F1DF228F50035F5E4 /* SettingsTableViewCell.swift */ = {isa = PBXFileReference; fileEncoding = 4; lastKnownFileType = sourcecode.swift; path = SettingsTableViewCell.swift; sourceTree = "<group>"; };
		6850AB721DF22D8A0035F5E4 /* volume-medium.png */ = {isa = PBXFileReference; lastKnownFileType = image.png; path = "volume-medium.png"; sourceTree = "<group>"; };
		685501481E10849900B4E5DA /* TockMusicViewController.swift */ = {isa = PBXFileReference; fileEncoding = 4; lastKnownFileType = sourcecode.swift; path = TockMusicViewController.swift; sourceTree = "<group>"; };
		687F5EC21DD124BE00148487 /* SparkleView.swift */ = {isa = PBXFileReference; fileEncoding = 4; lastKnownFileType = sourcecode.swift; path = SparkleView.swift; sourceTree = "<group>"; };
		688A54FB1DD674C300BC1A31 /* OptionsUnwindTransition.swift */ = {isa = PBXFileReference; fileEncoding = 4; lastKnownFileType = sourcecode.swift; path = OptionsUnwindTransition.swift; sourceTree = "<group>"; };
		68934AFB1DD00D26005D109E /* Tock.app */ = {isa = PBXFileReference; explicitFileType = wrapper.application; includeInIndex = 0; path = Tock.app; sourceTree = BUILT_PRODUCTS_DIR; };
		68934AFE1DD00D26005D109E /* AppDelegate.swift */ = {isa = PBXFileReference; lastKnownFileType = sourcecode.swift; path = AppDelegate.swift; sourceTree = "<group>"; };
		68934B031DD00D26005D109E /* Base */ = {isa = PBXFileReference; lastKnownFileType = file.storyboard; name = Base; path = Base.lproj/Main.storyboard; sourceTree = "<group>"; };
		68934B051DD00D26005D109E /* Assets.xcassets */ = {isa = PBXFileReference; lastKnownFileType = folder.assetcatalog; path = Assets.xcassets; sourceTree = "<group>"; };
		68934B081DD00D26005D109E /* Base */ = {isa = PBXFileReference; lastKnownFileType = file.storyboard; name = Base; path = Base.lproj/LaunchScreen.storyboard; sourceTree = "<group>"; };
		68934B0A1DD00D26005D109E /* Info.plist */ = {isa = PBXFileReference; lastKnownFileType = text.plist.xml; path = Info.plist; sourceTree = "<group>"; };
		68934B0F1DD00D26005D109E /* TockTests.xctest */ = {isa = PBXFileReference; explicitFileType = wrapper.cfbundle; includeInIndex = 0; path = TockTests.xctest; sourceTree = BUILT_PRODUCTS_DIR; };
		68934B131DD00D26005D109E /* TockTests.swift */ = {isa = PBXFileReference; lastKnownFileType = sourcecode.swift; path = TockTests.swift; sourceTree = "<group>"; };
		68934B151DD00D26005D109E /* Info.plist */ = {isa = PBXFileReference; lastKnownFileType = text.plist.xml; path = Info.plist; sourceTree = "<group>"; };
		68934B1A1DD00D26005D109E /* TockUITests.xctest */ = {isa = PBXFileReference; explicitFileType = wrapper.cfbundle; includeInIndex = 0; path = TockUITests.xctest; sourceTree = BUILT_PRODUCTS_DIR; };
		68934B1E1DD00D26005D109E /* TockUITests.swift */ = {isa = PBXFileReference; lastKnownFileType = sourcecode.swift; path = TockUITests.swift; sourceTree = "<group>"; };
		68934B201DD00D26005D109E /* Info.plist */ = {isa = PBXFileReference; lastKnownFileType = text.plist.xml; path = Info.plist; sourceTree = "<group>"; };
		68934B2C1DD00F4A005D109E /* ViewController.swift */ = {isa = PBXFileReference; fileEncoding = 4; lastKnownFileType = sourcecode.swift; path = ViewController.swift; sourceTree = "<group>"; };
		68934B2E1DD00F7C005D109E /* TockTimePicker.swift */ = {isa = PBXFileReference; fileEncoding = 4; lastKnownFileType = sourcecode.swift; path = TockTimePicker.swift; sourceTree = "<group>"; };
		68934B311DD00FB8005D109E /* Trig.swift */ = {isa = PBXFileReference; fileEncoding = 4; lastKnownFileType = sourcecode.swift; path = Trig.swift; sourceTree = "<group>"; };
		68934B331DD00FEB005D109E /* TimePickerDelegate.swift */ = {isa = PBXFileReference; fileEncoding = 4; lastKnownFileType = sourcecode.swift; path = TimePickerDelegate.swift; sourceTree = "<group>"; };
		68934B351DD0101B005D109E /* KTUtility.swift */ = {isa = PBXFileReference; fileEncoding = 4; lastKnownFileType = sourcecode.swift; path = KTUtility.swift; sourceTree = "<group>"; };
		68934B371DD01038005D109E /* system_constants.swift */ = {isa = PBXFileReference; fileEncoding = 4; lastKnownFileType = sourcecode.swift; path = system_constants.swift; sourceTree = "<group>"; };
		68934B391DD010EE005D109E /* OptionsTransition.swift */ = {isa = PBXFileReference; fileEncoding = 4; lastKnownFileType = sourcecode.swift; path = OptionsTransition.swift; sourceTree = "<group>"; };
		68934B3A1DD010EE005D109E /* OptionsTransitionDelegate.swift */ = {isa = PBXFileReference; fileEncoding = 4; lastKnownFileType = sourcecode.swift; path = OptionsTransitionDelegate.swift; sourceTree = "<group>"; };
		68934B3F1DD01152005D109E /* TockButton.swift */ = {isa = PBXFileReference; fileEncoding = 4; lastKnownFileType = sourcecode.swift; path = TockButton.swift; sourceTree = "<group>"; };
		68934B411DD01174005D109E /* PopTransitionDelegate.swift */ = {isa = PBXFileReference; fileEncoding = 4; lastKnownFileType = sourcecode.swift; path = PopTransitionDelegate.swift; sourceTree = "<group>"; };
		68934B431DD011A0005D109E /* PopTransition.swift */ = {isa = PBXFileReference; fileEncoding = 4; lastKnownFileType = sourcecode.swift; path = PopTransition.swift; sourceTree = "<group>"; };
		68934B451DD011AB005D109E /* UnwindPopTransition.swift */ = {isa = PBXFileReference; fileEncoding = 4; lastKnownFileType = sourcecode.swift; path = UnwindPopTransition.swift; sourceTree = "<group>"; };
		68934B471DD01B18005D109E /* WelcomeViewController.swift */ = {isa = PBXFileReference; fileEncoding = 4; lastKnownFileType = sourcecode.swift; path = WelcomeViewController.swift; sourceTree = "<group>"; };
		68934B491DD01B3C005D109E /* RightSlideTransition.swift */ = {isa = PBXFileReference; fileEncoding = 4; lastKnownFileType = sourcecode.swift; path = RightSlideTransition.swift; sourceTree = "<group>"; };
		68934B4B1DD01BBE005D109E /* ServicesViewController.swift */ = {isa = PBXFileReference; fileEncoding = 4; lastKnownFileType = sourcecode.swift; path = ServicesViewController.swift; sourceTree = "<group>"; };
		68934B4D1DD01CFF005D109E /* ServiceSelectorViewController.swift */ = {isa = PBXFileReference; fileEncoding = 4; lastKnownFileType = sourcecode.swift; path = ServiceSelectorViewController.swift; sourceTree = "<group>"; };
		68934B511DD01D31005D109E /* arstechnica-m.png */ = {isa = PBXFileReference; lastKnownFileType = image.png; path = "arstechnica-m.png"; sourceTree = "<group>"; };
		68934B521DD01D31005D109E /* bbcnews-m.png */ = {isa = PBXFileReference; lastKnownFileType = image.png; path = "bbcnews-m.png"; sourceTree = "<group>"; };
		68934B531DD01D31005D109E /* bbcsport-m.png */ = {isa = PBXFileReference; lastKnownFileType = image.png; path = "bbcsport-m.png"; sourceTree = "<group>"; };
		68934B551DD01D31005D109E /* bloomberg-m.png */ = {isa = PBXFileReference; lastKnownFileType = image.png; path = "bloomberg-m.png"; sourceTree = "<group>"; };
		68934B561DD01D31005D109E /* buzzfeed-m.png */ = {isa = PBXFileReference; lastKnownFileType = image.png; path = "buzzfeed-m.png"; sourceTree = "<group>"; };
		68934B591DD01D31005D109E /* cnbc-m.png */ = {isa = PBXFileReference; lastKnownFileType = image.png; path = "cnbc-m.png"; sourceTree = "<group>"; };
		68934B5A1DD01D31005D109E /* cnn-m.png */ = {isa = PBXFileReference; lastKnownFileType = image.png; path = "cnn-m.png"; sourceTree = "<group>"; };
		68934B5B1DD01D31005D109E /* emit.png */ = {isa = PBXFileReference; lastKnownFileType = image.png; path = emit.png; sourceTree = "<group>"; };
		68934B5C1DD01D31005D109E /* engadget-m.png */ = {isa = PBXFileReference; lastKnownFileType = image.png; path = "engadget-m.png"; sourceTree = "<group>"; };
		68934B5D1DD01D31005D109E /* entertainmentweekly-m.png */ = {isa = PBXFileReference; lastKnownFileType = image.png; path = "entertainmentweekly-m.png"; sourceTree = "<group>"; };
		68934B5F1DD01D31005D109E /* espn-m.png */ = {isa = PBXFileReference; lastKnownFileType = image.png; path = "espn-m.png"; sourceTree = "<group>"; };
		68934B631DD01D31005D109E /* googlenews-m.png */ = {isa = PBXFileReference; lastKnownFileType = image.png; path = "googlenews-m.png"; sourceTree = "<group>"; };
		68934B641DD01D31005D109E /* hackernews-m.png */ = {isa = PBXFileReference; lastKnownFileType = image.png; path = "hackernews-m.png"; sourceTree = "<group>"; };
		68934B651DD01D31005D109E /* independent-m.png */ = {isa = PBXFileReference; lastKnownFileType = image.png; path = "independent-m.png"; sourceTree = "<group>"; };
		68934B661DD01D31005D109E /* mashable-m.png */ = {isa = PBXFileReference; lastKnownFileType = image.png; path = "mashable-m.png"; sourceTree = "<group>"; };
		68934B6A1DD01D31005D109E /* recode-m.png */ = {isa = PBXFileReference; lastKnownFileType = image.png; path = "recode-m.png"; sourceTree = "<group>"; };
		68934B6B1DD01D31005D109E /* redditrall-m.png */ = {isa = PBXFileReference; lastKnownFileType = image.png; path = "redditrall-m.png"; sourceTree = "<group>"; };
		68934B6C1DD01D31005D109E /* reuters-m.png */ = {isa = PBXFileReference; lastKnownFileType = image.png; path = "reuters-m.png"; sourceTree = "<group>"; };
		68934B6F1DD01D31005D109E /* techcrunch-m.png */ = {isa = PBXFileReference; lastKnownFileType = image.png; path = "techcrunch-m.png"; sourceTree = "<group>"; };
		68934B701DD01D31005D109E /* theguardianuk-m.png */ = {isa = PBXFileReference; lastKnownFileType = image.png; path = "theguardianuk-m.png"; sourceTree = "<group>"; };
		68934B711DD01D31005D109E /* thehuffingtonpost-m.png */ = {isa = PBXFileReference; lastKnownFileType = image.png; path = "thehuffingtonpost-m.png"; sourceTree = "<group>"; };
		68934B721DD01D31005D109E /* thenewyorktimes-m.png */ = {isa = PBXFileReference; lastKnownFileType = image.png; path = "thenewyorktimes-m.png"; sourceTree = "<group>"; };
		68934B731DD01D31005D109E /* thenextweb-m.png */ = {isa = PBXFileReference; lastKnownFileType = image.png; path = "thenextweb-m.png"; sourceTree = "<group>"; };
		68934B741DD01D31005D109E /* theverge-m.png */ = {isa = PBXFileReference; lastKnownFileType = image.png; path = "theverge-m.png"; sourceTree = "<group>"; };
		68934B751DD01D31005D109E /* thewallstreetjournal-m.png */ = {isa = PBXFileReference; lastKnownFileType = image.png; path = "thewallstreetjournal-m.png"; sourceTree = "<group>"; };
		68934B761DD01D31005D109E /* thewashingtonpost-m.png */ = {isa = PBXFileReference; lastKnownFileType = image.png; path = "thewashingtonpost-m.png"; sourceTree = "<group>"; };
		68934BA21DD01D55005D109E /* TockConfigureViewController.swift */ = {isa = PBXFileReference; fileEncoding = 4; lastKnownFileType = sourcecode.swift; path = TockConfigureViewController.swift; sourceTree = "<group>"; };
		68934BA41DD01D6F005D109E /* nuberAdjuster.swift */ = {isa = PBXFileReference; fileEncoding = 4; lastKnownFileType = sourcecode.swift; path = nuberAdjuster.swift; sourceTree = "<group>"; };
		68934BA61DD01DCC005D109E /* SettingsCell.swift */ = {isa = PBXFileReference; fileEncoding = 4; lastKnownFileType = sourcecode.swift; path = SettingsCell.swift; sourceTree = "<group>"; };
		689526441E018B0E00B7888D /* FailedTableViewCell.swift */ = {isa = PBXFileReference; fileEncoding = 4; lastKnownFileType = sourcecode.swift; path = FailedTableViewCell.swift; sourceTree = "<group>"; };
		68B746461DD61850007BA513 /* NewsTockWakeUp.swift */ = {isa = PBXFileReference; fileEncoding = 4; lastKnownFileType = sourcecode.swift; path = NewsTockWakeUp.swift; sourceTree = "<group>"; };
		68D245D31E11CEF000B1DFEE /* MusicTableViewCell.swift */ = {isa = PBXFileReference; fileEncoding = 4; lastKnownFileType = sourcecode.swift; path = MusicTableViewCell.swift; sourceTree = "<group>"; };
		68D2EACF1DD381DC00C3732A /* TockAlarmViewController.swift */ = {isa = PBXFileReference; fileEncoding = 4; lastKnownFileType = sourcecode.swift; path = TockAlarmViewController.swift; sourceTree = "<group>"; };
		68D2EAD11DD3A20900C3732A /* TockBeepViewController.swift */ = {isa = PBXFileReference; fileEncoding = 4; lastKnownFileType = sourcecode.swift; path = TockBeepViewController.swift; sourceTree = "<group>"; };
		68D639B31E02FBE0007862D4 /* Tock Widget.appex */ = {isa = PBXFileReference; explicitFileType = "wrapper.app-extension"; includeInIndex = 0; path = "Tock Widget.appex"; sourceTree = BUILT_PRODUCTS_DIR; };
		68D639B41E02FBE0007862D4 /* NotificationCenter.framework */ = {isa = PBXFileReference; lastKnownFileType = wrapper.framework; name = NotificationCenter.framework; path = System/Library/Frameworks/NotificationCenter.framework; sourceTree = SDKROOT; };
		68D639B71E02FBE0007862D4 /* TodayViewController.swift */ = {isa = PBXFileReference; lastKnownFileType = sourcecode.swift; path = TodayViewController.swift; sourceTree = "<group>"; };
		68D639BA1E02FBE0007862D4 /* Base */ = {isa = PBXFileReference; lastKnownFileType = file.storyboard; name = Base; path = Base.lproj/MainInterface.storyboard; sourceTree = "<group>"; };
		68D639BC1E02FBE0007862D4 /* Info.plist */ = {isa = PBXFileReference; lastKnownFileType = text.plist.xml; path = Info.plist; sourceTree = "<group>"; };
		68DAB5431DEF5A2E0040D253 /* play4.png */ = {isa = PBXFileReference; lastKnownFileType = image.png; path = play4.png; sourceTree = "<group>"; };
		68DAB5451DEF5B260040D253 /* TockWakeViewController.swift */ = {isa = PBXFileReference; fileEncoding = 4; lastKnownFileType = sourcecode.swift; path = TockWakeViewController.swift; sourceTree = "<group>"; };
		68DEBA451DF23B6700FA2748 /* AboutTableViewCell.swift */ = {isa = PBXFileReference; fileEncoding = 4; lastKnownFileType = sourcecode.swift; path = AboutTableViewCell.swift; sourceTree = "<group>"; };
		68DEBA471DF2427000FA2748 /* SettingsDetailViewController.swift */ = {isa = PBXFileReference; fileEncoding = 4; lastKnownFileType = sourcecode.swift; path = SettingsDetailViewController.swift; sourceTree = "<group>"; };
		68DEBA491DF2460700FA2748 /* DetailSettingsTableViewCell.swift */ = {isa = PBXFileReference; fileEncoding = 4; lastKnownFileType = sourcecode.swift; path = DetailSettingsTableViewCell.swift; sourceTree = "<group>"; };
		68E8C7891DE7B38100D898F3 /* cancel-circle.png */ = {isa = PBXFileReference; lastKnownFileType = image.png; path = "cancel-circle.png"; sourceTree = "<group>"; };
		68E8C78A1DE7B38100D898F3 /* pause2.png */ = {isa = PBXFileReference; lastKnownFileType = image.png; path = pause2.png; sourceTree = "<group>"; };
		68E8C78B1DE7B38100D898F3 /* play3.png */ = {isa = PBXFileReference; lastKnownFileType = image.png; path = play3.png; sourceTree = "<group>"; };
		68E8C78C1DE7B38100D898F3 /* spinner11.png */ = {isa = PBXFileReference; lastKnownFileType = image.png; path = spinner11.png; sourceTree = "<group>"; };
		68E8C7911DE7F88200D898F3 /* alarm.wav */ = {isa = PBXFileReference; lastKnownFileType = audio.wav; path = alarm.wav; sourceTree = "<group>"; };
		68EA9EE41E01A63900F06223 /* weather.ttf */ = {isa = PBXFileReference; lastKnownFileType = file; path = weather.ttf; sourceTree = "<group>"; };
		68F138941DD039B2004DE6CD /* TockSettingsSelectionDelegate.swift */ = {isa = PBXFileReference; fileEncoding = 4; lastKnownFileType = sourcecode.swift; path = TockSettingsSelectionDelegate.swift; sourceTree = "<group>"; };
		68F138961DD039EB004DE6CD /* TockSettingsTableView.swift */ = {isa = PBXFileReference; fileEncoding = 4; lastKnownFileType = sourcecode.swift; path = TockSettingsTableView.swift; sourceTree = "<group>"; };
		68F146E31DE3CF48000CF4DE /* UnwindConfigureTransition.swift */ = {isa = PBXFileReference; fileEncoding = 4; lastKnownFileType = sourcecode.swift; path = UnwindConfigureTransition.swift; sourceTree = "<group>"; };
		68F659811DE55E7300F40FF9 /* WeatherCellTableViewCell.swift */ = {isa = PBXFileReference; fileEncoding = 4; lastKnownFileType = sourcecode.swift; path = WeatherCellTableViewCell.swift; sourceTree = "<group>"; };
		68F659871DE5695C00F40FF9 /* CalCell.swift */ = {isa = PBXFileReference; fileEncoding = 4; lastKnownFileType = sourcecode.swift; path = CalCell.swift; sourceTree = "<group>"; };
		68F919D21E07122C00C220A0 /* editbutton.png */ = {isa = PBXFileReference; lastKnownFileType = image.png; path = editbutton.png; sourceTree = "<group>"; };
		68F919D41E07133F00C220A0 /* startButton.png */ = {isa = PBXFileReference; lastKnownFileType = image.png; path = startButton.png; sourceTree = "<group>"; };
		74EFC112875E08A918B2CBC6 /* Pods_Tock.framework */ = {isa = PBXFileReference; explicitFileType = wrapper.framework; includeInIndex = 0; path = Pods_Tock.framework; sourceTree = BUILT_PRODUCTS_DIR; };
		82261BBFB74EE6C393F0076E /* Pods-Tock-TockUITests.debug.xcconfig */ = {isa = PBXFileReference; includeInIndex = 1; lastKnownFileType = text.xcconfig; name = "Pods-Tock-TockUITests.debug.xcconfig"; path = "Pods/Target Support Files/Pods-Tock-TockUITests/Pods-Tock-TockUITests.debug.xcconfig"; sourceTree = "<group>"; };
		A2EDB4C4BEA428E22CC48BCD /* Pods_Tock_TockTests.framework */ = {isa = PBXFileReference; explicitFileType = wrapper.framework; includeInIndex = 0; path = Pods_Tock_TockTests.framework; sourceTree = BUILT_PRODUCTS_DIR; };
		A7C75DC9376638AD8BC2C2E3 /* Pods_Tock_TockUITests.framework */ = {isa = PBXFileReference; explicitFileType = wrapper.framework; includeInIndex = 0; path = Pods_Tock_TockUITests.framework; sourceTree = BUILT_PRODUCTS_DIR; };
		C1AACC556A88943A0E3F5FB7 /* Pods-Tock.debug.xcconfig */ = {isa = PBXFileReference; includeInIndex = 1; lastKnownFileType = text.xcconfig; name = "Pods-Tock.debug.xcconfig"; path = "Pods/Target Support Files/Pods-Tock/Pods-Tock.debug.xcconfig"; sourceTree = "<group>"; };
		D1A93D096BD2DDE8B4EFD804 /* Pods-Tock.release.xcconfig */ = {isa = PBXFileReference; includeInIndex = 1; lastKnownFileType = text.xcconfig; name = "Pods-Tock.release.xcconfig"; path = "Pods/Target Support Files/Pods-Tock/Pods-Tock.release.xcconfig"; sourceTree = "<group>"; };
		E6F6C9D5847DE8BAE8585439 /* Pods-Tock-TockTests.debug.xcconfig */ = {isa = PBXFileReference; includeInIndex = 1; lastKnownFileType = text.xcconfig; name = "Pods-Tock-TockTests.debug.xcconfig"; path = "Pods/Target Support Files/Pods-Tock-TockTests/Pods-Tock-TockTests.debug.xcconfig"; sourceTree = "<group>"; };
/* End PBXFileReference section */

/* Begin PBXFrameworksBuildPhase section */
		68934AF81DD00D26005D109E /* Frameworks */ = {
			isa = PBXFrameworksBuildPhase;
			buildActionMask = 2147483647;
			files = (
				6805D1751E036359004ABB8A /* GameKit.framework in Frameworks */,
				6805D1731E036350004ABB8A /* StoreKit.framework in Frameworks */,
				A0AC9C6B00C142C0496AE7D1 /* Pods_Tock.framework in Frameworks */,
			);
			runOnlyForDeploymentPostprocessing = 0;
		};
		68934B0C1DD00D26005D109E /* Frameworks */ = {
			isa = PBXFrameworksBuildPhase;
			buildActionMask = 2147483647;
			files = (
				866B1B4B50F110BE1E75E770 /* Pods_Tock_TockTests.framework in Frameworks */,
			);
			runOnlyForDeploymentPostprocessing = 0;
		};
		68934B171DD00D26005D109E /* Frameworks */ = {
			isa = PBXFrameworksBuildPhase;
			buildActionMask = 2147483647;
			files = (
				2D5DA3B50FD7B6DAD1F8E3A1 /* Pods_Tock_TockUITests.framework in Frameworks */,
			);
			runOnlyForDeploymentPostprocessing = 0;
		};
		68D639B01E02FBE0007862D4 /* Frameworks */ = {
			isa = PBXFrameworksBuildPhase;
			buildActionMask = 2147483647;
			files = (
				68D639B51E02FBE0007862D4 /* NotificationCenter.framework in Frameworks */,
			);
			runOnlyForDeploymentPostprocessing = 0;
		};
/* End PBXFrameworksBuildPhase section */

/* Begin PBXGroup section */
		2C2439580C679F24A368022E /* Pods */ = {
			isa = PBXGroup;
			children = (
				C1AACC556A88943A0E3F5FB7 /* Pods-Tock.debug.xcconfig */,
				D1A93D096BD2DDE8B4EFD804 /* Pods-Tock.release.xcconfig */,
				E6F6C9D5847DE8BAE8585439 /* Pods-Tock-TockTests.debug.xcconfig */,
				20318BEAD392D11357767CFD /* Pods-Tock-TockTests.release.xcconfig */,
				82261BBFB74EE6C393F0076E /* Pods-Tock-TockUITests.debug.xcconfig */,
				3927B6BA92C600BD87C5B9BB /* Pods-Tock-TockUITests.release.xcconfig */,
			);
			name = Pods;
			sourceTree = "<group>";
		};
		681E66A11DF368AA00EC9AC1 /* Audio */ = {
			isa = PBXGroup;
			children = (
				681E66A41DF36E7900EC9AC1 /* fogHorn.wav */,
				6805D16E1E03583A004ABB8A /* fogHornSample.wav */,
				6805D16F1E03583A004ABB8A /* sirenSample.wav */,
				6805D16C1E03558B004ABB8A /* alarmTest.wav */,
				681E66A21DF3695A00EC9AC1 /* siren.wav */,
				68E8C7911DE7F88200D898F3 /* alarm.wav */,
			);
			name = Audio;
			sourceTree = "<group>";
		};
		683DAC3B1DD1014300F5BE2C /* Cutom Views */ = {
			isa = PBXGroup;
			children = (
				689526441E018B0E00B7888D /* FailedTableViewCell.swift */,
				68934B2E1DD00F7C005D109E /* TockTimePicker.swift */,
				683E31D01DD0D39C006081CF /* TockTableView.swift */,
				68F659871DE5695C00F40FF9 /* CalCell.swift */,
				68F138961DD039EB004DE6CD /* TockSettingsTableView.swift */,
				683DAC331DD1010900F5BE2C /* TempUnitsCell.swift */,
				68934B3F1DD01152005D109E /* TockButton.swift */,
				687F5EC21DD124BE00148487 /* SparkleView.swift */,
				683DAC3D1DD1033800F5BE2C /* TockTableViewCell.swift */,
				68934BA61DD01DCC005D109E /* SettingsCell.swift */,
				6846C59C1DE6161B004FBDE0 /* NewsCell.swift */,
				68934BA41DD01D6F005D109E /* nuberAdjuster.swift */,
				68424E7B1DE4B4D00061944F /* StartButton.swift */,
				68F659811DE55E7300F40FF9 /* WeatherCellTableViewCell.swift */,
				6850AB6F1DF228F50035F5E4 /* SettingsTableViewCell.swift */,
				68DEBA451DF23B6700FA2748 /* AboutTableViewCell.swift */,
				681E669F1DF3391C00EC9AC1 /* SwitchTableViewCell.swift */,
				68DEBA491DF2460700FA2748 /* DetailSettingsTableViewCell.swift */,
				68D245D31E11CEF000B1DFEE /* MusicTableViewCell.swift */,
			);
			name = "Cutom Views";
			sourceTree = "<group>";
		};
		683DAC3C1DD102BB00F5BE2C /* Utilities */ = {
			isa = PBXGroup;
			children = (
				68934B371DD01038005D109E /* system_constants.swift */,
				683DAC491DD1040B00F5BE2C /* KTRequester.swift */,
				68934B311DD00FB8005D109E /* Trig.swift */,
				68934B351DD0101B005D109E /* KTUtility.swift */,
				68424E7D1DE4F3D50061944F /* Queue.swift */,
				6846C59A1DE5E4C9004FBDE0 /* NewsItem.swift */,
				683E31D81DD0D478006081CF /* TockEventsManager.swift */,
				683E31D21DD0D3BA006081CF /* WakeUpManager.swift */,
				683E31D61DD0D444006081CF /* TockLocationManager.swift */,
				683E31DC1DD0D4AF006081CF /* Location.swift */,
			);
			name = Utilities;
			sourceTree = "<group>";
		};
		684BFDEF1DD1712D00BD240F /* Wake Ups */ = {
			isa = PBXGroup;
			children = (
				681B1A341E00E15400457AF6 /* RemindersTockWakeUp.swift */,
				683DAC3F1DD103A900F5BE2C /* CalendarTockWakeUp.swift */,
				68B746461DD61850007BA513 /* NewsTockWakeUp.swift */,
				683DAC411DD103B900F5BE2C /* WeatherTockWakeUp.swift */,
				683DAC371DD1013A00F5BE2C /* TockWakeUp.swift */,
				683DAC381DD1013A00F5BE2C /* TransitTockWakeUp.swift */,
			);
			name = "Wake Ups";
			sourceTree = "<group>";
		};
		68934AF21DD00D25005D109E = {
			isa = PBXGroup;
			children = (
				68DAB5451DEF5B260040D253 /* TockWakeViewController.swift */,
				682BE0ED1E072D82002A490F /* Tock-Bridging-Header.h */,
				68424E6D1DE4959D0061944F /* AvenirLTStd-Book.otf */,
				68424E6E1DE4959D0061944F /* AvenirLTStd-Light.otf */,
				683E8BE91DF5C1D500205235 /* DS-DIGI.TTF */,
				68424E6F1DE4959D0061944F /* AvenirLTStd-Roman.otf */,
				68EA9EE41E01A63900F06223 /* weather.ttf */,
				68934AFD1DD00D26005D109E /* Tock */,
				68934B121DD00D26005D109E /* TockTests */,
				68934B1D1DD00D26005D109E /* TockUITests */,
				68D639B61E02FBE0007862D4 /* Tock Widget */,
				68934AFC1DD00D26005D109E /* Products */,
				A1573745673E756837CF55CE /* Frameworks */,
				2C2439580C679F24A368022E /* Pods */,
			);
			sourceTree = "<group>";
		};
		68934AFC1DD00D26005D109E /* Products */ = {
			isa = PBXGroup;
			children = (
				68934AFB1DD00D26005D109E /* Tock.app */,
				68934B0F1DD00D26005D109E /* TockTests.xctest */,
				68934B1A1DD00D26005D109E /* TockUITests.xctest */,
				68D639B31E02FBE0007862D4 /* Tock Widget.appex */,
			);
			name = Products;
			sourceTree = "<group>";
		};
		68934AFD1DD00D26005D109E /* Tock */ = {
			isa = PBXGroup;
			children = (
				682BE0E81E072B63002A490F /* GoogleService-Info.plist */,
				6848D9731E0724D8006A1392 /* FBSDKCoreKit.framework */,
				681353E81DE8CE560035E78B /* Tock.entitlements */,
				683DAC3C1DD102BB00F5BE2C /* Utilities */,
				683DAC3B1DD1014300F5BE2C /* Cutom Views */,
				68934B021DD00D26005D109E /* Main.storyboard */,
				684BFDEF1DD1712D00BD240F /* Wake Ups */,
				68934B3E1DD01120005D109E /* Delegates */,
				68934B3D1DD010F2005D109E /* Transitions */,
				68934B301DD00F81005D109E /* View Controllers */,
				681E66A11DF368AA00EC9AC1 /* Audio */,
				68934B4F1DD01D1B005D109E /* Images */,
				68934B051DD00D26005D109E /* Assets.xcassets */,
				68934B071DD00D26005D109E /* LaunchScreen.storyboard */,
				68934B0A1DD00D26005D109E /* Info.plist */,
			);
			path = Tock;
			sourceTree = "<group>";
		};
		68934B121DD00D26005D109E /* TockTests */ = {
			isa = PBXGroup;
			children = (
				68934B131DD00D26005D109E /* TockTests.swift */,
				68934B151DD00D26005D109E /* Info.plist */,
			);
			path = TockTests;
			sourceTree = "<group>";
		};
		68934B1D1DD00D26005D109E /* TockUITests */ = {
			isa = PBXGroup;
			children = (
				68934B1E1DD00D26005D109E /* TockUITests.swift */,
				68934B201DD00D26005D109E /* Info.plist */,
			);
			path = TockUITests;
			sourceTree = "<group>";
		};
		68934B301DD00F81005D109E /* View Controllers */ = {
			isa = PBXGroup;
			children = (
				685501481E10849900B4E5DA /* TockMusicViewController.swift */,
				683E8BE71DF5BD2C00205235 /* TockBedsideViewController.swift */,
				68D2EACF1DD381DC00C3732A /* TockAlarmViewController.swift */,
				68934B4B1DD01BBE005D109E /* ServicesViewController.swift */,
				68D2EAD11DD3A20900C3732A /* TockBeepViewController.swift */,
				68934BA21DD01D55005D109E /* TockConfigureViewController.swift */,
				68934B4D1DD01CFF005D109E /* ServiceSelectorViewController.swift */,
				68934B471DD01B18005D109E /* WelcomeViewController.swift */,
				68934B2C1DD00F4A005D109E /* ViewController.swift */,
				681353EB1DE8CFA00035E78B /* UpgradeViewController.swift */,
				6850AB6B1DF224E90035F5E4 /* TockSettingsViewController.swift */,
				68DEBA471DF2427000FA2748 /* SettingsDetailViewController.swift */,
			);
			name = "View Controllers";
			sourceTree = "<group>";
		};
		68934B3D1DD010F2005D109E /* Transitions */ = {
			isa = PBXGroup;
			children = (
				68934B451DD011AB005D109E /* UnwindPopTransition.swift */,
				683DAC431DD103D500F5BE2C /* NewModal.swift */,
				68934B431DD011A0005D109E /* PopTransition.swift */,
				683DAC451DD103E100F5BE2C /* UnwindNewModal.swift */,
				68934B491DD01B3C005D109E /* RightSlideTransition.swift */,
				68934B391DD010EE005D109E /* OptionsTransition.swift */,
				6800CCF11DE3C9AA00B26031 /* ConfigureTransition.swift */,
				68F146E31DE3CF48000CF4DE /* UnwindConfigureTransition.swift */,
				688A54FB1DD674C300BC1A31 /* OptionsUnwindTransition.swift */,
			);
			name = Transitions;
			sourceTree = "<group>";
		};
		68934B3E1DD01120005D109E /* Delegates */ = {
			isa = PBXGroup;
			children = (
				68934AFE1DD00D26005D109E /* AppDelegate.swift */,
				683E31D41DD0D3DC006081CF /* ModalTransitionDelegate.swift */,
				68F138941DD039B2004DE6CD /* TockSettingsSelectionDelegate.swift */,
				683DAC351DD1011C00F5BE2C /* TockLocationManagerDelegate.swift */,
				683DAC471DD103FA00F5BE2C /* KTRequestDelegate.swift */,
				683E31DA1DD0D481006081CF /* TockEventsManagerDelegate.swift */,
				683E31CE1DD0D336006081CF /* TockTableViewSelectionDelegate.swift */,
				68934B3A1DD010EE005D109E /* OptionsTransitionDelegate.swift */,
				68934B411DD01174005D109E /* PopTransitionDelegate.swift */,
				68934B331DD00FEB005D109E /* TimePickerDelegate.swift */,
			);
			name = Delegates;
			sourceTree = "<group>";
		};
		68934B4F1DD01D1B005D109E /* Images */ = {
			isa = PBXGroup;
			children = (
				682FBF101DE8E2FB003D4F11 /* tockIcon.png */,
				681353DE1DE8AC7C0035E78B /* home.png */,
				68DAB5431DEF5A2E0040D253 /* play4.png */,
				68F919D41E07133F00C220A0 /* startButton.png */,
				681353DF1DE8AC7C0035E78B /* connectServices.png */,
				681353E41DE8BB120035E78B /* HomeTutorialViewController.swift */,
				68934B511DD01D31005D109E /* arstechnica-m.png */,
				68934B521DD01D31005D109E /* bbcnews-m.png */,
				68934B531DD01D31005D109E /* bbcsport-m.png */,
				68F919D21E07122C00C220A0 /* editbutton.png */,
				68934B551DD01D31005D109E /* bloomberg-m.png */,
				68934B561DD01D31005D109E /* buzzfeed-m.png */,
				68934B591DD01D31005D109E /* cnbc-m.png */,
				68934B5A1DD01D31005D109E /* cnn-m.png */,
				68934B5B1DD01D31005D109E /* emit.png */,
				681353E61DE8C6A50035E78B /* timePicker.png */,
				68934B5C1DD01D31005D109E /* engadget-m.png */,
				68934B5D1DD01D31005D109E /* entertainmentweekly-m.png */,
				68934B5F1DD01D31005D109E /* espn-m.png */,
				68934B631DD01D31005D109E /* googlenews-m.png */,
				68934B641DD01D31005D109E /* hackernews-m.png */,
				68934B651DD01D31005D109E /* independent-m.png */,
				68934B661DD01D31005D109E /* mashable-m.png */,
				68934B6A1DD01D31005D109E /* recode-m.png */,
				68934B6B1DD01D31005D109E /* redditrall-m.png */,
				68934B6C1DD01D31005D109E /* reuters-m.png */,
				68934B6F1DD01D31005D109E /* techcrunch-m.png */,
				6850AB721DF22D8A0035F5E4 /* volume-medium.png */,
				68424E791DE4A7650061944F /* location2.png */,
				68934B701DD01D31005D109E /* theguardianuk-m.png */,
				68934B711DD01D31005D109E /* thehuffingtonpost-m.png */,
				68934B721DD01D31005D109E /* thenewyorktimes-m.png */,
				68934B731DD01D31005D109E /* thenextweb-m.png */,
				68424E741DE4A64F0061944F /* home3.png */,
				68934B741DD01D31005D109E /* theverge-m.png */,
				68934B751DD01D31005D109E /* thewallstreetjournal-m.png */,
				68E8C7891DE7B38100D898F3 /* cancel-circle.png */,
				68E8C78A1DE7B38100D898F3 /* pause2.png */,
				682AFBF21E05996400862A1A /* Tock.png */,
				68E8C78B1DE7B38100D898F3 /* play3.png */,
				68E8C78C1DE7B38100D898F3 /* spinner11.png */,
				68934B761DD01D31005D109E /* thewashingtonpost-m.png */,
			);
			name = Images;
			sourceTree = "<group>";
		};
		68D639B61E02FBE0007862D4 /* Tock Widget */ = {
			isa = PBXGroup;
			children = (
				6805D16B1E0311C0004ABB8A /* Tock Widget.entitlements */,
				68D639B71E02FBE0007862D4 /* TodayViewController.swift */,
				68D639B91E02FBE0007862D4 /* MainInterface.storyboard */,
				68D639BC1E02FBE0007862D4 /* Info.plist */,
			);
			path = "Tock Widget";
			sourceTree = "<group>";
		};
		A1573745673E756837CF55CE /* Frameworks */ = {
			isa = PBXGroup;
			children = (
				6848D9771E072550006A1392 /* FBSDKCoreKit.framework */,
				6848D9711E072431006A1392 /* FBSDKCoreKit.framework */,
				6805D1741E036359004ABB8A /* GameKit.framework */,
				6805D1721E036350004ABB8A /* StoreKit.framework */,
				68D639B41E02FBE0007862D4 /* NotificationCenter.framework */,
				74EFC112875E08A918B2CBC6 /* Pods_Tock.framework */,
				A2EDB4C4BEA428E22CC48BCD /* Pods_Tock_TockTests.framework */,
				A7C75DC9376638AD8BC2C2E3 /* Pods_Tock_TockUITests.framework */,
			);
			name = Frameworks;
			sourceTree = "<group>";
		};
/* End PBXGroup section */

/* Begin PBXNativeTarget section */
		68934AFA1DD00D26005D109E /* Tock */ = {
			isa = PBXNativeTarget;
			buildConfigurationList = 68934B231DD00D26005D109E /* Build configuration list for PBXNativeTarget "Tock" */;
			buildPhases = (
				F70808F9EFA14C4F7B781C99 /* [CP] Check Pods Manifest.lock */,
				68934AF71DD00D26005D109E /* Sources */,
				68934AF81DD00D26005D109E /* Frameworks */,
				68934AF91DD00D26005D109E /* Resources */,
				68D639C31E02FBE0007862D4 /* Embed App Extensions */,
				32D8BDF4E66261CFED2E8559 /* [CP] Embed Pods Frameworks */,
				8F8C58ABB94C2283C041F7EB /* [CP] Copy Pods Resources */,
			);
			buildRules = (
			);
			dependencies = (
				68D639BE1E02FBE0007862D4 /* PBXTargetDependency */,
			);
			name = Tock;
			productName = Tock;
			productReference = 68934AFB1DD00D26005D109E /* Tock.app */;
			productType = "com.apple.product-type.application";
		};
		68934B0E1DD00D26005D109E /* TockTests */ = {
			isa = PBXNativeTarget;
			buildConfigurationList = 68934B261DD00D26005D109E /* Build configuration list for PBXNativeTarget "TockTests" */;
			buildPhases = (
				7A75365DE0271C2D38E16E93 /* [CP] Check Pods Manifest.lock */,
				68934B0B1DD00D26005D109E /* Sources */,
				68934B0C1DD00D26005D109E /* Frameworks */,
				68934B0D1DD00D26005D109E /* Resources */,
				183A91F3160E1058C686C097 /* [CP] Embed Pods Frameworks */,
				B9853F77839FD1444D8D6112 /* [CP] Copy Pods Resources */,
			);
			buildRules = (
			);
			dependencies = (
				68934B111DD00D26005D109E /* PBXTargetDependency */,
			);
			name = TockTests;
			productName = TockTests;
			productReference = 68934B0F1DD00D26005D109E /* TockTests.xctest */;
			productType = "com.apple.product-type.bundle.unit-test";
		};
		68934B191DD00D26005D109E /* TockUITests */ = {
			isa = PBXNativeTarget;
			buildConfigurationList = 68934B291DD00D26005D109E /* Build configuration list for PBXNativeTarget "TockUITests" */;
			buildPhases = (
				85C0FCAE74207DBF7877F6B4 /* [CP] Check Pods Manifest.lock */,
				68934B161DD00D26005D109E /* Sources */,
				68934B171DD00D26005D109E /* Frameworks */,
				68934B181DD00D26005D109E /* Resources */,
				D895B7618B009D4DFBAE1D94 /* [CP] Embed Pods Frameworks */,
				818128E9C2AA26D91B8707D9 /* [CP] Copy Pods Resources */,
			);
			buildRules = (
			);
			dependencies = (
				68934B1C1DD00D26005D109E /* PBXTargetDependency */,
			);
			name = TockUITests;
			productName = TockUITests;
			productReference = 68934B1A1DD00D26005D109E /* TockUITests.xctest */;
			productType = "com.apple.product-type.bundle.ui-testing";
		};
		68D639B21E02FBE0007862D4 /* Tock Widget */ = {
			isa = PBXNativeTarget;
			buildConfigurationList = 68D639C21E02FBE0007862D4 /* Build configuration list for PBXNativeTarget "Tock Widget" */;
			buildPhases = (
				68D639AF1E02FBE0007862D4 /* Sources */,
				68D639B01E02FBE0007862D4 /* Frameworks */,
				68D639B11E02FBE0007862D4 /* Resources */,
			);
			buildRules = (
			);
			dependencies = (
			);
			name = "Tock Widget";
			productName = "Tock Widget";
			productReference = 68D639B31E02FBE0007862D4 /* Tock Widget.appex */;
			productType = "com.apple.product-type.app-extension";
		};
/* End PBXNativeTarget section */

/* Begin PBXProject section */
		68934AF31DD00D25005D109E /* Project object */ = {
			isa = PBXProject;
			attributes = {
				LastSwiftUpdateCheck = 0810;
				LastUpgradeCheck = 0810;
				ORGANIZATIONNAME = "Kevin Turner";
				TargetAttributes = {
					68934AFA1DD00D26005D109E = {
						CreatedOnToolsVersion = 8.1;
						DevelopmentTeam = TL5T75PGX2;
						ProvisioningStyle = Automatic;
						SystemCapabilities = {
							com.apple.ApplicationGroups.iOS = {
								enabled = 1;
							};
							com.apple.GameCenter = {
								enabled = 1;
							};
							com.apple.InAppPurchase = {
								enabled = 1;
							};
							com.apple.Push = {
								enabled = 1;
							};
							com.apple.SafariKeychain = {
								enabled = 0;
							};
							com.apple.iCloud = {
								enabled = 0;
							};
						};
					};
					68934B0E1DD00D26005D109E = {
						CreatedOnToolsVersion = 8.1;
						ProvisioningStyle = Automatic;
						TestTargetID = 68934AFA1DD00D26005D109E;
					};
					68934B191DD00D26005D109E = {
						CreatedOnToolsVersion = 8.1;
						ProvisioningStyle = Automatic;
						TestTargetID = 68934AFA1DD00D26005D109E;
					};
					68D639B21E02FBE0007862D4 = {
						CreatedOnToolsVersion = 8.1;
						DevelopmentTeam = TL5T75PGX2;
						ProvisioningStyle = Automatic;
						SystemCapabilities = {
							com.apple.ApplicationGroups.iOS = {
								enabled = 1;
							};
						};
					};
				};
			};
			buildConfigurationList = 68934AF61DD00D25005D109E /* Build configuration list for PBXProject "Tock" */;
			compatibilityVersion = "Xcode 3.2";
			developmentRegion = English;
			hasScannedForEncodings = 0;
			knownRegions = (
				en,
				Base,
			);
			mainGroup = 68934AF21DD00D25005D109E;
			productRefGroup = 68934AFC1DD00D26005D109E /* Products */;
			projectDirPath = "";
			projectRoot = "";
			targets = (
				68934AFA1DD00D26005D109E /* Tock */,
				68934B0E1DD00D26005D109E /* TockTests */,
				68934B191DD00D26005D109E /* TockUITests */,
				68D639B21E02FBE0007862D4 /* Tock Widget */,
			);
		};
/* End PBXProject section */

/* Begin PBXResourcesBuildPhase section */
		68934AF91DD00D26005D109E /* Resources */ = {
			isa = PBXResourcesBuildPhase;
			buildActionMask = 2147483647;
			files = (
				68934B9E1DD01D31005D109E /* thewallstreetjournal-m.png in Resources */,
				681353E01DE8AC7C0035E78B /* home.png in Resources */,
				68DAB5441DEF5A2E0040D253 /* play4.png in Resources */,
				68E8C78D1DE7B38100D898F3 /* cancel-circle.png in Resources */,
				68934B9B1DD01D31005D109E /* thenewyorktimes-m.png in Resources */,
				68934B991DD01D31005D109E /* theguardianuk-m.png in Resources */,
				68424E701DE4959D0061944F /* AvenirLTStd-Book.otf in Resources */,
				682FBF111DE8E2FB003D4F11 /* tockIcon.png in Resources */,
				68934B8D1DD01D31005D109E /* hackernews-m.png in Resources */,
				68934B821DD01D31005D109E /* cnbc-m.png in Resources */,
				68934B091DD00D26005D109E /* LaunchScreen.storyboard in Resources */,
				682BE0E91E072B63002A490F /* GoogleService-Info.plist in Resources */,
				6850AB741DF22D8A0035F5E4 /* volume-medium.png in Resources */,
				68934B9C1DD01D31005D109E /* thenextweb-m.png in Resources */,
				68934B951DD01D31005D109E /* reuters-m.png in Resources */,
				681353E11DE8AC7C0035E78B /* connectServices.png in Resources */,
				681353E71DE8C6A50035E78B /* timePicker.png in Resources */,
				683E8BEA1DF5C3A300205235 /* DS-DIGI.TTF in Resources */,
				68934B7A1DD01D31005D109E /* arstechnica-m.png in Resources */,
				68934B9A1DD01D31005D109E /* thehuffingtonpost-m.png in Resources */,
				68934B8C1DD01D31005D109E /* googlenews-m.png in Resources */,
				68934B9D1DD01D31005D109E /* theverge-m.png in Resources */,
				68934B7F1DD01D31005D109E /* buzzfeed-m.png in Resources */,
				68424E7A1DE4A7650061944F /* location2.png in Resources */,
				68934B881DD01D31005D109E /* espn-m.png in Resources */,
				68E8C7921DE7F88200D898F3 /* alarm.wav in Resources */,
				68934B061DD00D26005D109E /* Assets.xcassets in Resources */,
				68934B7B1DD01D31005D109E /* bbcnews-m.png in Resources */,
				682AFBF31E05996400862A1A /* Tock.png in Resources */,
				68E8C78E1DE7B38100D898F3 /* pause2.png in Resources */,
				6805D1701E03583A004ABB8A /* fogHornSample.wav in Resources */,
				6805D16D1E03558B004ABB8A /* alarmTest.wav in Resources */,
				68934B7E1DD01D31005D109E /* bloomberg-m.png in Resources */,
				68934B7C1DD01D31005D109E /* bbcsport-m.png in Resources */,
				68E8C78F1DE7B38100D898F3 /* play3.png in Resources */,
				68934B851DD01D31005D109E /* engadget-m.png in Resources */,
				68934B8E1DD01D31005D109E /* independent-m.png in Resources */,
				68424E771DE4A64F0061944F /* home3.png in Resources */,
				681E66A31DF3695A00EC9AC1 /* siren.wav in Resources */,
				68EA9EE51E01A64E00F06223 /* weather.ttf in Resources */,
				68934B981DD01D31005D109E /* techcrunch-m.png in Resources */,
				68934B8F1DD01D31005D109E /* mashable-m.png in Resources */,
				681E66A51DF36E7900EC9AC1 /* fogHorn.wav in Resources */,
				6805D1711E03583A004ABB8A /* sirenSample.wav in Resources */,
				68934B841DD01D31005D109E /* emit.png in Resources */,
				68E8C7901DE7B38100D898F3 /* spinner11.png in Resources */,
				68424E721DE4959D0061944F /* AvenirLTStd-Roman.otf in Resources */,
				68934B9F1DD01D31005D109E /* thewashingtonpost-m.png in Resources */,
				68934B931DD01D31005D109E /* recode-m.png in Resources */,
				68934B861DD01D31005D109E /* entertainmentweekly-m.png in Resources */,
				68F919D51E07133F00C220A0 /* startButton.png in Resources */,
				68424E711DE4959D0061944F /* AvenirLTStd-Light.otf in Resources */,
				68934B831DD01D31005D109E /* cnn-m.png in Resources */,
				68934B041DD00D26005D109E /* Main.storyboard in Resources */,
				68934B941DD01D31005D109E /* redditrall-m.png in Resources */,
				68F919D31E07122C00C220A0 /* editbutton.png in Resources */,
			);
			runOnlyForDeploymentPostprocessing = 0;
		};
		68934B0D1DD00D26005D109E /* Resources */ = {
			isa = PBXResourcesBuildPhase;
			buildActionMask = 2147483647;
			files = (
			);
			runOnlyForDeploymentPostprocessing = 0;
		};
		68934B181DD00D26005D109E /* Resources */ = {
			isa = PBXResourcesBuildPhase;
			buildActionMask = 2147483647;
			files = (
			);
			runOnlyForDeploymentPostprocessing = 0;
		};
		68D639B11E02FBE0007862D4 /* Resources */ = {
			isa = PBXResourcesBuildPhase;
			buildActionMask = 2147483647;
			files = (
				68D639BB1E02FBE0007862D4 /* MainInterface.storyboard in Resources */,
				682BE0EB1E072C16002A490F /* GoogleService-Info.plist in Resources */,
			);
			runOnlyForDeploymentPostprocessing = 0;
		};
/* End PBXResourcesBuildPhase section */

/* Begin PBXShellScriptBuildPhase section */
		183A91F3160E1058C686C097 /* [CP] Embed Pods Frameworks */ = {
			isa = PBXShellScriptBuildPhase;
			buildActionMask = 2147483647;
			files = (
			);
			inputPaths = (
			);
			name = "[CP] Embed Pods Frameworks";
			outputPaths = (
			);
			runOnlyForDeploymentPostprocessing = 0;
			shellPath = /bin/sh;
			shellScript = "\"${SRCROOT}/Pods/Target Support Files/Pods-Tock-TockTests/Pods-Tock-TockTests-frameworks.sh\"\n";
			showEnvVarsInLog = 0;
		};
		32D8BDF4E66261CFED2E8559 /* [CP] Embed Pods Frameworks */ = {
			isa = PBXShellScriptBuildPhase;
			buildActionMask = 2147483647;
			files = (
			);
			inputPaths = (
			);
			name = "[CP] Embed Pods Frameworks";
			outputPaths = (
			);
			runOnlyForDeploymentPostprocessing = 0;
			shellPath = /bin/sh;
			shellScript = "\"${SRCROOT}/Pods/Target Support Files/Pods-Tock/Pods-Tock-frameworks.sh\"\n";
			showEnvVarsInLog = 0;
		};
		7A75365DE0271C2D38E16E93 /* [CP] Check Pods Manifest.lock */ = {
			isa = PBXShellScriptBuildPhase;
			buildActionMask = 2147483647;
			files = (
			);
			inputPaths = (
			);
			name = "[CP] Check Pods Manifest.lock";
			outputPaths = (
			);
			runOnlyForDeploymentPostprocessing = 0;
			shellPath = /bin/sh;
			shellScript = "diff \"${PODS_ROOT}/../Podfile.lock\" \"${PODS_ROOT}/Manifest.lock\" > /dev/null\nif [ $? != 0 ] ; then\n    # print error to STDERR\n    echo \"error: The sandbox is not in sync with the Podfile.lock. Run 'pod install' or update your CocoaPods installation.\" >&2\n    exit 1\nfi\n";
			showEnvVarsInLog = 0;
		};
		818128E9C2AA26D91B8707D9 /* [CP] Copy Pods Resources */ = {
			isa = PBXShellScriptBuildPhase;
			buildActionMask = 2147483647;
			files = (
			);
			inputPaths = (
			);
			name = "[CP] Copy Pods Resources";
			outputPaths = (
			);
			runOnlyForDeploymentPostprocessing = 0;
			shellPath = /bin/sh;
			shellScript = "\"${SRCROOT}/Pods/Target Support Files/Pods-Tock-TockUITests/Pods-Tock-TockUITests-resources.sh\"\n";
			showEnvVarsInLog = 0;
		};
		85C0FCAE74207DBF7877F6B4 /* [CP] Check Pods Manifest.lock */ = {
			isa = PBXShellScriptBuildPhase;
			buildActionMask = 2147483647;
			files = (
			);
			inputPaths = (
			);
			name = "[CP] Check Pods Manifest.lock";
			outputPaths = (
			);
			runOnlyForDeploymentPostprocessing = 0;
			shellPath = /bin/sh;
			shellScript = "diff \"${PODS_ROOT}/../Podfile.lock\" \"${PODS_ROOT}/Manifest.lock\" > /dev/null\nif [ $? != 0 ] ; then\n    # print error to STDERR\n    echo \"error: The sandbox is not in sync with the Podfile.lock. Run 'pod install' or update your CocoaPods installation.\" >&2\n    exit 1\nfi\n";
			showEnvVarsInLog = 0;
		};
		8F8C58ABB94C2283C041F7EB /* [CP] Copy Pods Resources */ = {
			isa = PBXShellScriptBuildPhase;
			buildActionMask = 2147483647;
			files = (
			);
			inputPaths = (
			);
			name = "[CP] Copy Pods Resources";
			outputPaths = (
			);
			runOnlyForDeploymentPostprocessing = 0;
			shellPath = /bin/sh;
			shellScript = "\"${SRCROOT}/Pods/Target Support Files/Pods-Tock/Pods-Tock-resources.sh\"\n";
			showEnvVarsInLog = 0;
		};
		B9853F77839FD1444D8D6112 /* [CP] Copy Pods Resources */ = {
			isa = PBXShellScriptBuildPhase;
			buildActionMask = 2147483647;
			files = (
			);
			inputPaths = (
			);
			name = "[CP] Copy Pods Resources";
			outputPaths = (
			);
			runOnlyForDeploymentPostprocessing = 0;
			shellPath = /bin/sh;
			shellScript = "\"${SRCROOT}/Pods/Target Support Files/Pods-Tock-TockTests/Pods-Tock-TockTests-resources.sh\"\n";
			showEnvVarsInLog = 0;
		};
		D895B7618B009D4DFBAE1D94 /* [CP] Embed Pods Frameworks */ = {
			isa = PBXShellScriptBuildPhase;
			buildActionMask = 2147483647;
			files = (
			);
			inputPaths = (
			);
			name = "[CP] Embed Pods Frameworks";
			outputPaths = (
			);
			runOnlyForDeploymentPostprocessing = 0;
			shellPath = /bin/sh;
			shellScript = "\"${SRCROOT}/Pods/Target Support Files/Pods-Tock-TockUITests/Pods-Tock-TockUITests-frameworks.sh\"\n";
			showEnvVarsInLog = 0;
		};
		F70808F9EFA14C4F7B781C99 /* [CP] Check Pods Manifest.lock */ = {
			isa = PBXShellScriptBuildPhase;
			buildActionMask = 2147483647;
			files = (
			);
			inputPaths = (
			);
			name = "[CP] Check Pods Manifest.lock";
			outputPaths = (
			);
			runOnlyForDeploymentPostprocessing = 0;
			shellPath = /bin/sh;
			shellScript = "diff \"${PODS_ROOT}/../Podfile.lock\" \"${PODS_ROOT}/Manifest.lock\" > /dev/null\nif [ $? != 0 ] ; then\n    # print error to STDERR\n    echo \"error: The sandbox is not in sync with the Podfile.lock. Run 'pod install' or update your CocoaPods installation.\" >&2\n    exit 1\nfi\n";
			showEnvVarsInLog = 0;
		};
/* End PBXShellScriptBuildPhase section */

/* Begin PBXSourcesBuildPhase section */
		68934AF71DD00D26005D109E /* Sources */ = {
			isa = PBXSourcesBuildPhase;
			buildActionMask = 2147483647;
			files = (
				682BE0EE1E072DE9002A490F /* Tock-Bridging-Header.h in Sources */,
				683DAC441DD103D500F5BE2C /* NewModal.swift in Sources */,
				681353E51DE8BB120035E78B /* HomeTutorialViewController.swift in Sources */,
				683DAC391DD1013A00F5BE2C /* TockWakeUp.swift in Sources */,
				683DAC4A1DD1040B00F5BE2C /* KTRequester.swift in Sources */,
				685501491E10849900B4E5DA /* TockMusicViewController.swift in Sources */,
				683DAC421DD103B900F5BE2C /* WeatherTockWakeUp.swift in Sources */,
				683DAC3A1DD1013A00F5BE2C /* TransitTockWakeUp.swift in Sources */,
				68934B2D1DD00F4A005D109E /* ViewController.swift in Sources */,
				6800CCF21DE3C9AA00B26031 /* ConfigureTransition.swift in Sources */,
				68F138951DD039B2004DE6CD /* TockSettingsSelectionDelegate.swift in Sources */,
				68934B3B1DD010EE005D109E /* OptionsTransition.swift in Sources */,
				68934BA51DD01D6F005D109E /* nuberAdjuster.swift in Sources */,
				681B1A351E00E15400457AF6 /* RemindersTockWakeUp.swift in Sources */,
				68934B401DD01152005D109E /* TockButton.swift in Sources */,
				683E31D51DD0D3DC006081CF /* ModalTransitionDelegate.swift in Sources */,
				68DAB5461DEF5B260040D253 /* TockWakeViewController.swift in Sources */,
				681353EC1DE8CFA00035E78B /* UpgradeViewController.swift in Sources */,
				689526451E018B0E00B7888D /* FailedTableViewCell.swift in Sources */,
				68F146E41DE3CF48000CF4DE /* UnwindConfigureTransition.swift in Sources */,
				68934B461DD011AB005D109E /* UnwindPopTransition.swift in Sources */,
				68934B341DD00FEB005D109E /* TimePickerDelegate.swift in Sources */,
				68424E7E1DE4F3D60061944F /* Queue.swift in Sources */,
				68D245D41E11CEF000B1DFEE /* MusicTableViewCell.swift in Sources */,
				68934B441DD011A0005D109E /* PopTransition.swift in Sources */,
				68934B3C1DD010EE005D109E /* OptionsTransitionDelegate.swift in Sources */,
				68DEBA481DF2427000FA2748 /* SettingsDetailViewController.swift in Sources */,
				68DEBA461DF23B6700FA2748 /* AboutTableViewCell.swift in Sources */,
				681E66A01DF3391C00EC9AC1 /* SwitchTableViewCell.swift in Sources */,
				683E31D31DD0D3BA006081CF /* WakeUpManager.swift in Sources */,
				68934B4E1DD01CFF005D109E /* ServiceSelectorViewController.swift in Sources */,
				68934B2F1DD00F7C005D109E /* TockTimePicker.swift in Sources */,
				683DAC401DD103A900F5BE2C /* CalendarTockWakeUp.swift in Sources */,
				68D2EAD21DD3A20900C3732A /* TockBeepViewController.swift in Sources */,
				68934B361DD0101B005D109E /* KTUtility.swift in Sources */,
				683DAC461DD103E100F5BE2C /* UnwindNewModal.swift in Sources */,
				6850AB6C1DF224E90035F5E4 /* TockSettingsViewController.swift in Sources */,
				68934B421DD01174005D109E /* PopTransitionDelegate.swift in Sources */,
				68934B4C1DD01BBE005D109E /* ServicesViewController.swift in Sources */,
				68934B381DD01038005D109E /* system_constants.swift in Sources */,
				6846C59D1DE6161B004FBDE0 /* NewsCell.swift in Sources */,
				68F138971DD039EB004DE6CD /* TockSettingsTableView.swift in Sources */,
				683E31DB1DD0D481006081CF /* TockEventsManagerDelegate.swift in Sources */,
				68934BA71DD01DCC005D109E /* SettingsCell.swift in Sources */,
				683DAC361DD1011C00F5BE2C /* TockLocationManagerDelegate.swift in Sources */,
				68934AFF1DD00D26005D109E /* AppDelegate.swift in Sources */,
				687F5EC31DD124BE00148487 /* SparkleView.swift in Sources */,
				683E31D11DD0D39C006081CF /* TockTableView.swift in Sources */,
				68424E7C1DE4B4D00061944F /* StartButton.swift in Sources */,
				6846C59B1DE5E4C9004FBDE0 /* NewsItem.swift in Sources */,
				683DAC481DD103FA00F5BE2C /* KTRequestDelegate.swift in Sources */,
				683E31DD1DD0D4AF006081CF /* Location.swift in Sources */,
				683E31D71DD0D444006081CF /* TockLocationManager.swift in Sources */,
				68934BA31DD01D55005D109E /* TockConfigureViewController.swift in Sources */,
				68F659881DE5695C00F40FF9 /* CalCell.swift in Sources */,
				6850AB701DF228F50035F5E4 /* SettingsTableViewCell.swift in Sources */,
				683DAC341DD1010900F5BE2C /* TempUnitsCell.swift in Sources */,
				683E31D91DD0D478006081CF /* TockEventsManager.swift in Sources */,
				68934B321DD00FB8005D109E /* Trig.swift in Sources */,
				683DAC3E1DD1033800F5BE2C /* TockTableViewCell.swift in Sources */,
				688A54FC1DD674C300BC1A31 /* OptionsUnwindTransition.swift in Sources */,
				68B746471DD61850007BA513 /* NewsTockWakeUp.swift in Sources */,
				683E31CF1DD0D336006081CF /* TockTableViewSelectionDelegate.swift in Sources */,
				683E8BE81DF5BD2C00205235 /* TockBedsideViewController.swift in Sources */,
				68DEBA4A1DF2460700FA2748 /* DetailSettingsTableViewCell.swift in Sources */,
				68F659821DE55E7300F40FF9 /* WeatherCellTableViewCell.swift in Sources */,
				68934B4A1DD01B3C005D109E /* RightSlideTransition.swift in Sources */,
				68934B481DD01B18005D109E /* WelcomeViewController.swift in Sources */,
				68D2EAD01DD381DC00C3732A /* TockAlarmViewController.swift in Sources */,
			);
			runOnlyForDeploymentPostprocessing = 0;
		};
		68934B0B1DD00D26005D109E /* Sources */ = {
			isa = PBXSourcesBuildPhase;
			buildActionMask = 2147483647;
			files = (
				68934B141DD00D26005D109E /* TockTests.swift in Sources */,
			);
			runOnlyForDeploymentPostprocessing = 0;
		};
		68934B161DD00D26005D109E /* Sources */ = {
			isa = PBXSourcesBuildPhase;
			buildActionMask = 2147483647;
			files = (
				68934B1F1DD00D26005D109E /* TockUITests.swift in Sources */,
			);
			runOnlyForDeploymentPostprocessing = 0;
		};
		68D639AF1E02FBE0007862D4 /* Sources */ = {
			isa = PBXSourcesBuildPhase;
			buildActionMask = 2147483647;
			files = (
				68D639B81E02FBE0007862D4 /* TodayViewController.swift in Sources */,
				6805D1691E030929004ABB8A /* KTUtility.swift in Sources */,
				6805D16A1E030A4E004ABB8A /* system_constants.swift in Sources */,
			);
			runOnlyForDeploymentPostprocessing = 0;
		};
/* End PBXSourcesBuildPhase section */

/* Begin PBXTargetDependency section */
		68934B111DD00D26005D109E /* PBXTargetDependency */ = {
			isa = PBXTargetDependency;
			target = 68934AFA1DD00D26005D109E /* Tock */;
			targetProxy = 68934B101DD00D26005D109E /* PBXContainerItemProxy */;
		};
		68934B1C1DD00D26005D109E /* PBXTargetDependency */ = {
			isa = PBXTargetDependency;
			target = 68934AFA1DD00D26005D109E /* Tock */;
			targetProxy = 68934B1B1DD00D26005D109E /* PBXContainerItemProxy */;
		};
		68D639BE1E02FBE0007862D4 /* PBXTargetDependency */ = {
			isa = PBXTargetDependency;
			target = 68D639B21E02FBE0007862D4 /* Tock Widget */;
			targetProxy = 68D639BD1E02FBE0007862D4 /* PBXContainerItemProxy */;
		};
/* End PBXTargetDependency section */

/* Begin PBXVariantGroup section */
		68934B021DD00D26005D109E /* Main.storyboard */ = {
			isa = PBXVariantGroup;
			children = (
				68934B031DD00D26005D109E /* Base */,
			);
			name = Main.storyboard;
			sourceTree = "<group>";
		};
		68934B071DD00D26005D109E /* LaunchScreen.storyboard */ = {
			isa = PBXVariantGroup;
			children = (
				68934B081DD00D26005D109E /* Base */,
			);
			name = LaunchScreen.storyboard;
			sourceTree = "<group>";
		};
		68D639B91E02FBE0007862D4 /* MainInterface.storyboard */ = {
			isa = PBXVariantGroup;
			children = (
				68D639BA1E02FBE0007862D4 /* Base */,
			);
			name = MainInterface.storyboard;
			sourceTree = "<group>";
		};
/* End PBXVariantGroup section */

/* Begin XCBuildConfiguration section */
		68934B211DD00D26005D109E /* Debug */ = {
			isa = XCBuildConfiguration;
			buildSettings = {
				ALWAYS_SEARCH_USER_PATHS = NO;
				CLANG_ANALYZER_NONNULL = YES;
				CLANG_CXX_LANGUAGE_STANDARD = "gnu++0x";
				CLANG_CXX_LIBRARY = "libc++";
				CLANG_ENABLE_MODULES = YES;
				CLANG_ENABLE_OBJC_ARC = YES;
				CLANG_WARN_BOOL_CONVERSION = YES;
				CLANG_WARN_CONSTANT_CONVERSION = YES;
				CLANG_WARN_DIRECT_OBJC_ISA_USAGE = YES_ERROR;
				CLANG_WARN_DOCUMENTATION_COMMENTS = YES;
				CLANG_WARN_EMPTY_BODY = YES;
				CLANG_WARN_ENUM_CONVERSION = YES;
				CLANG_WARN_INFINITE_RECURSION = YES;
				CLANG_WARN_INT_CONVERSION = YES;
				CLANG_WARN_OBJC_ROOT_CLASS = YES_ERROR;
				CLANG_WARN_SUSPICIOUS_MOVE = YES;
				CLANG_WARN_SUSPICIOUS_MOVES = YES;
				CLANG_WARN_UNREACHABLE_CODE = YES;
				CLANG_WARN__DUPLICATE_METHOD_MATCH = YES;
				"CODE_SIGN_IDENTITY[sdk=iphoneos*]" = "iPhone Developer";
				COPY_PHASE_STRIP = NO;
				DEBUG_INFORMATION_FORMAT = dwarf;
				ENABLE_STRICT_OBJC_MSGSEND = YES;
				ENABLE_TESTABILITY = YES;
				GCC_C_LANGUAGE_STANDARD = gnu99;
				GCC_DYNAMIC_NO_PIC = NO;
				GCC_NO_COMMON_BLOCKS = YES;
				GCC_OPTIMIZATION_LEVEL = 0;
				GCC_PREPROCESSOR_DEFINITIONS = (
					"DEBUG=1",
					"$(inherited)",
				);
				GCC_WARN_64_TO_32_BIT_CONVERSION = YES;
				GCC_WARN_ABOUT_RETURN_TYPE = YES_ERROR;
				GCC_WARN_UNDECLARED_SELECTOR = YES;
				GCC_WARN_UNINITIALIZED_AUTOS = YES_AGGRESSIVE;
				GCC_WARN_UNUSED_FUNCTION = YES;
				GCC_WARN_UNUSED_VARIABLE = YES;
				IPHONEOS_DEPLOYMENT_TARGET = 10.1;
				MTL_ENABLE_DEBUG_INFO = YES;
				ONLY_ACTIVE_ARCH = YES;
				SDKROOT = iphoneos;
				SWIFT_ACTIVE_COMPILATION_CONDITIONS = DEBUG;
				SWIFT_OPTIMIZATION_LEVEL = "-Onone";
			};
			name = Debug;
		};
		68934B221DD00D26005D109E /* Release */ = {
			isa = XCBuildConfiguration;
			buildSettings = {
				ALWAYS_SEARCH_USER_PATHS = NO;
				CLANG_ANALYZER_NONNULL = YES;
				CLANG_CXX_LANGUAGE_STANDARD = "gnu++0x";
				CLANG_CXX_LIBRARY = "libc++";
				CLANG_ENABLE_MODULES = YES;
				CLANG_ENABLE_OBJC_ARC = YES;
				CLANG_WARN_BOOL_CONVERSION = YES;
				CLANG_WARN_CONSTANT_CONVERSION = YES;
				CLANG_WARN_DIRECT_OBJC_ISA_USAGE = YES_ERROR;
				CLANG_WARN_DOCUMENTATION_COMMENTS = YES;
				CLANG_WARN_EMPTY_BODY = YES;
				CLANG_WARN_ENUM_CONVERSION = YES;
				CLANG_WARN_INFINITE_RECURSION = YES;
				CLANG_WARN_INT_CONVERSION = YES;
				CLANG_WARN_OBJC_ROOT_CLASS = YES_ERROR;
				CLANG_WARN_SUSPICIOUS_MOVE = YES;
				CLANG_WARN_SUSPICIOUS_MOVES = YES;
				CLANG_WARN_UNREACHABLE_CODE = YES;
				CLANG_WARN__DUPLICATE_METHOD_MATCH = YES;
				"CODE_SIGN_IDENTITY[sdk=iphoneos*]" = "iPhone Developer";
				COPY_PHASE_STRIP = NO;
				DEBUG_INFORMATION_FORMAT = "dwarf-with-dsym";
				ENABLE_NS_ASSERTIONS = NO;
				ENABLE_STRICT_OBJC_MSGSEND = YES;
				GCC_C_LANGUAGE_STANDARD = gnu99;
				GCC_NO_COMMON_BLOCKS = YES;
				GCC_WARN_64_TO_32_BIT_CONVERSION = YES;
				GCC_WARN_ABOUT_RETURN_TYPE = YES_ERROR;
				GCC_WARN_UNDECLARED_SELECTOR = YES;
				GCC_WARN_UNINITIALIZED_AUTOS = YES_AGGRESSIVE;
				GCC_WARN_UNUSED_FUNCTION = YES;
				GCC_WARN_UNUSED_VARIABLE = YES;
				IPHONEOS_DEPLOYMENT_TARGET = 10.1;
				MTL_ENABLE_DEBUG_INFO = NO;
				SDKROOT = iphoneos;
				SWIFT_OPTIMIZATION_LEVEL = "-Owholemodule";
				VALIDATE_PRODUCT = YES;
			};
			name = Release;
		};
		68934B241DD00D26005D109E /* Debug */ = {
			isa = XCBuildConfiguration;
			baseConfigurationReference = C1AACC556A88943A0E3F5FB7 /* Pods-Tock.debug.xcconfig */;
			buildSettings = {
				ALWAYS_EMBED_SWIFT_STANDARD_LIBRARIES = YES;
				ASSETCATALOG_COMPILER_APPICON_NAME = "AppIcon-1";
				CODE_SIGN_ENTITLEMENTS = Tock/Tock.entitlements;
				CODE_SIGN_IDENTITY = "";
				"CODE_SIGN_IDENTITY[sdk=iphoneos*]" = "iPhone Developer";
				DEVELOPMENT_TEAM = TL5T75PGX2;
				INFOPLIST_FILE = Tock/Info.plist;
				IPHONEOS_DEPLOYMENT_TARGET = 10.0;
				LD_RUNPATH_SEARCH_PATHS = "$(inherited) @executable_path/Frameworks";
				PRODUCT_BUNDLE_IDENTIFIER = com.kevinturner.TockApp;
				PRODUCT_NAME = "$(TARGET_NAME)";
				"SWIFT_OBJC_BRIDGING_HEADER[arch=*]" = "Tock-Bridging-Header.h";
				SWIFT_VERSION = 3.0;
				TARGETED_DEVICE_FAMILY = 1;
			};
			name = Debug;
		};
		68934B251DD00D26005D109E /* Release */ = {
			isa = XCBuildConfiguration;
			baseConfigurationReference = D1A93D096BD2DDE8B4EFD804 /* Pods-Tock.release.xcconfig */;
			buildSettings = {
				ALWAYS_EMBED_SWIFT_STANDARD_LIBRARIES = YES;
				ASSETCATALOG_COMPILER_APPICON_NAME = "AppIcon-1";
				CODE_SIGN_ENTITLEMENTS = Tock/Tock.entitlements;
				CODE_SIGN_IDENTITY = "";
				"CODE_SIGN_IDENTITY[sdk=iphoneos*]" = "iPhone Developer";
				DEVELOPMENT_TEAM = TL5T75PGX2;
				INFOPLIST_FILE = Tock/Info.plist;
				IPHONEOS_DEPLOYMENT_TARGET = 10.0;
				LD_RUNPATH_SEARCH_PATHS = "$(inherited) @executable_path/Frameworks";
				PRODUCT_BUNDLE_IDENTIFIER = com.kevinturner.TockApp;
				PRODUCT_NAME = "$(TARGET_NAME)";
				"SWIFT_OBJC_BRIDGING_HEADER[arch=*]" = "Tock-Bridging-Header.h";
				SWIFT_VERSION = 3.0;
				TARGETED_DEVICE_FAMILY = 1;
			};
			name = Release;
		};
		68934B271DD00D26005D109E /* Debug */ = {
			isa = XCBuildConfiguration;
			baseConfigurationReference = E6F6C9D5847DE8BAE8585439 /* Pods-Tock-TockTests.debug.xcconfig */;
			buildSettings = {
				ALWAYS_EMBED_SWIFT_STANDARD_LIBRARIES = YES;
				BUNDLE_LOADER = "$(TEST_HOST)";
				INFOPLIST_FILE = TockTests/Info.plist;
				LD_RUNPATH_SEARCH_PATHS = "$(inherited) @executable_path/Frameworks @loader_path/Frameworks";
				PRODUCT_BUNDLE_IDENTIFIER = com.kevinturner.TockTests;
				PRODUCT_NAME = "$(TARGET_NAME)";
				SWIFT_VERSION = 3.0;
				TEST_HOST = "$(BUILT_PRODUCTS_DIR)/Tock.app/Tock";
			};
			name = Debug;
		};
		68934B281DD00D26005D109E /* Release */ = {
			isa = XCBuildConfiguration;
			baseConfigurationReference = 20318BEAD392D11357767CFD /* Pods-Tock-TockTests.release.xcconfig */;
			buildSettings = {
				ALWAYS_EMBED_SWIFT_STANDARD_LIBRARIES = YES;
				BUNDLE_LOADER = "$(TEST_HOST)";
				INFOPLIST_FILE = TockTests/Info.plist;
				LD_RUNPATH_SEARCH_PATHS = "$(inherited) @executable_path/Frameworks @loader_path/Frameworks";
				PRODUCT_BUNDLE_IDENTIFIER = com.kevinturner.TockTests;
				PRODUCT_NAME = "$(TARGET_NAME)";
				SWIFT_VERSION = 3.0;
				TEST_HOST = "$(BUILT_PRODUCTS_DIR)/Tock.app/Tock";
			};
			name = Release;
		};
		68934B2A1DD00D26005D109E /* Debug */ = {
			isa = XCBuildConfiguration;
			baseConfigurationReference = 82261BBFB74EE6C393F0076E /* Pods-Tock-TockUITests.debug.xcconfig */;
			buildSettings = {
				ALWAYS_EMBED_SWIFT_STANDARD_LIBRARIES = YES;
				INFOPLIST_FILE = TockUITests/Info.plist;
				LD_RUNPATH_SEARCH_PATHS = "$(inherited) @executable_path/Frameworks @loader_path/Frameworks";
				PRODUCT_BUNDLE_IDENTIFIER = com.kevinturner.TockUITests;
				PRODUCT_NAME = "$(TARGET_NAME)";
				SWIFT_VERSION = 3.0;
				TEST_TARGET_NAME = Tock;
			};
			name = Debug;
		};
		68934B2B1DD00D26005D109E /* Release */ = {
			isa = XCBuildConfiguration;
			baseConfigurationReference = 3927B6BA92C600BD87C5B9BB /* Pods-Tock-TockUITests.release.xcconfig */;
			buildSettings = {
				ALWAYS_EMBED_SWIFT_STANDARD_LIBRARIES = YES;
				INFOPLIST_FILE = TockUITests/Info.plist;
				LD_RUNPATH_SEARCH_PATHS = "$(inherited) @executable_path/Frameworks @loader_path/Frameworks";
				PRODUCT_BUNDLE_IDENTIFIER = com.kevinturner.TockUITests;
				PRODUCT_NAME = "$(TARGET_NAME)";
				SWIFT_VERSION = 3.0;
				TEST_TARGET_NAME = Tock;
			};
			name = Release;
		};
		68D639C01E02FBE0007862D4 /* Debug */ = {
			isa = XCBuildConfiguration;
			buildSettings = {
				CODE_SIGN_ENTITLEMENTS = "Tock Widget/Tock Widget.entitlements";
				DEVELOPMENT_TEAM = TL5T75PGX2;
				INFOPLIST_FILE = "Tock Widget/Info.plist";
				LD_RUNPATH_SEARCH_PATHS = "$(inherited) @executable_path/Frameworks @executable_path/../../Frameworks";
				PRODUCT_BUNDLE_IDENTIFIER = "com.kevinturner.TockApp.Tock-Widget";
				PRODUCT_NAME = "$(TARGET_NAME)";
				SKIP_INSTALL = YES;
				SWIFT_VERSION = 3.0;
			};
			name = Debug;
		};
		68D639C11E02FBE0007862D4 /* Release */ = {
			isa = XCBuildConfiguration;
			buildSettings = {
				CODE_SIGN_ENTITLEMENTS = "Tock Widget/Tock Widget.entitlements";
				DEVELOPMENT_TEAM = TL5T75PGX2;
				INFOPLIST_FILE = "Tock Widget/Info.plist";
				LD_RUNPATH_SEARCH_PATHS = "$(inherited) @executable_path/Frameworks @executable_path/../../Frameworks";
				PRODUCT_BUNDLE_IDENTIFIER = "com.kevinturner.TockApp.Tock-Widget";
				PRODUCT_NAME = "$(TARGET_NAME)";
				SKIP_INSTALL = YES;
				SWIFT_VERSION = 3.0;
			};
			name = Release;
		};
/* End XCBuildConfiguration section */

/* Begin XCConfigurationList section */
		68934AF61DD00D25005D109E /* Build configuration list for PBXProject "Tock" */ = {
			isa = XCConfigurationList;
			buildConfigurations = (
				68934B211DD00D26005D109E /* Debug */,
				68934B221DD00D26005D109E /* Release */,
			);
			defaultConfigurationIsVisible = 0;
			defaultConfigurationName = Release;
		};
		68934B231DD00D26005D109E /* Build configuration list for PBXNativeTarget "Tock" */ = {
			isa = XCConfigurationList;
			buildConfigurations = (
				68934B241DD00D26005D109E /* Debug */,
				68934B251DD00D26005D109E /* Release */,
			);
			defaultConfigurationIsVisible = 0;
			defaultConfigurationName = Release;
		};
		68934B261DD00D26005D109E /* Build configuration list for PBXNativeTarget "TockTests" */ = {
			isa = XCConfigurationList;
			buildConfigurations = (
				68934B271DD00D26005D109E /* Debug */,
				68934B281DD00D26005D109E /* Release */,
			);
			defaultConfigurationIsVisible = 0;
			defaultConfigurationName = Release;
		};
		68934B291DD00D26005D109E /* Build configuration list for PBXNativeTarget "TockUITests" */ = {
			isa = XCConfigurationList;
			buildConfigurations = (
				68934B2A1DD00D26005D109E /* Debug */,
				68934B2B1DD00D26005D109E /* Release */,
			);
			defaultConfigurationIsVisible = 0;
			defaultConfigurationName = Release;
		};
		68D639C21E02FBE0007862D4 /* Build configuration list for PBXNativeTarget "Tock Widget" */ = {
			isa = XCConfigurationList;
			buildConfigurations = (
				68D639C01E02FBE0007862D4 /* Debug */,
				68D639C11E02FBE0007862D4 /* Release */,
			);
			defaultConfigurationIsVisible = 0;
			defaultConfigurationName = Release;
		};
/* End XCConfigurationList section */
	};
	rootObject = 68934AF31DD00D25005D109E /* Project object */;
}
